// !$*UTF8*$!
{
	archiveVersion = 1;
	classes = {
	};
	objectVersion = 46;
	objects = {

/* Begin PBXBuildFile section */
		6226D983193C79E50060BDD4 /* libopus.a in Frameworks */ = {isa = PBXBuildFile; fileRef = 6226D982193C79E50060BDD4 /* libopus.a */; };
		62656BE1193F665200F66F61 /* libvorbis.a in Frameworks */ = {isa = PBXBuildFile; fileRef = 62656BE0193F665200F66F61 /* libvorbis.a */; };
		62656BE8193F835900F66F61 /* libvorbis.a in Frameworks */ = {isa = PBXBuildFile; fileRef = 62656BE7193F835900F66F61 /* libvorbis.a */; };
		62656C0C1940D62F00F66F61 /* AudioController.m in Sources */ = {isa = PBXBuildFile; fileRef = 62656C0B1940D62F00F66F61 /* AudioController.m */; };
		62656C0D1940D7B700F66F61 /* AudioController.h in Sources */ = {isa = PBXBuildFile; fileRef = 62656C0A1940D62F00F66F61 /* AudioController.h */; };
		62656C0E1940D7B700F66F61 /* AudioController.m in Sources */ = {isa = PBXBuildFile; fileRef = 62656C0B1940D62F00F66F61 /* AudioController.m */; };
		627DC897194F1FCD002D02EB /* CircularBuffer.m in Sources */ = {isa = PBXBuildFile; fileRef = 627DC896194F1FCD002D02EB /* CircularBuffer.m */; };
		628CE76E193DADC3009FB38C /* PlayerEvents.m in Sources */ = {isa = PBXBuildFile; fileRef = 628CE76D193DADC3009FB38C /* PlayerEvents.m */; };
		628CE76F193DADC3009FB38C /* PlayerEvents.m in Sources */ = {isa = PBXBuildFile; fileRef = 628CE76D193DADC3009FB38C /* PlayerEvents.m */; };
		62BDC4921934704C00CF7520 /* Foundation.framework in Frameworks */ = {isa = PBXBuildFile; fileRef = 62BDC4911934704C00CF7520 /* Foundation.framework */; };
		9922789A1938751C0005DB1F /* StreamConnection.m in Sources */ = {isa = PBXBuildFile; fileRef = 992278971938751C0005DB1F /* StreamConnection.m */; };
		9922789B1938751C0005DB1F /* Player.m in Sources */ = {isa = PBXBuildFile; fileRef = 992278991938751C0005DB1F /* Player.m */; };
		992278EF1938C2060005DB1F /* Foundation.framework in Frameworks */ = {isa = PBXBuildFile; fileRef = 62BDC4911934704C00CF7520 /* Foundation.framework */; };
		992278F11938C2060005DB1F /* CoreGraphics.framework in Frameworks */ = {isa = PBXBuildFile; fileRef = 992278F01938C2060005DB1F /* CoreGraphics.framework */; };
		992278F31938C2060005DB1F /* UIKit.framework in Frameworks */ = {isa = PBXBuildFile; fileRef = 992278F21938C2060005DB1F /* UIKit.framework */; };
		992278F91938C2060005DB1F /* InfoPlist.strings in Resources */ = {isa = PBXBuildFile; fileRef = 992278F71938C2060005DB1F /* InfoPlist.strings */; };
		992278FB1938C2060005DB1F /* main.m in Sources */ = {isa = PBXBuildFile; fileRef = 992278FA1938C2060005DB1F /* main.m */; };
		992278FF1938C2060005DB1F /* AppDelegate.m in Sources */ = {isa = PBXBuildFile; fileRef = 992278FE1938C2060005DB1F /* AppDelegate.m */; };
		992279011938C2060005DB1F /* Images.xcassets in Resources */ = {isa = PBXBuildFile; fileRef = 992279001938C2060005DB1F /* Images.xcassets */; };
		9922791A1938C2120005DB1F /* StreamConnection.m in Sources */ = {isa = PBXBuildFile; fileRef = 992278971938751C0005DB1F /* StreamConnection.m */; };
		9922791B1938C2150005DB1F /* Player.m in Sources */ = {isa = PBXBuildFile; fileRef = 992278991938751C0005DB1F /* Player.m */; };
		99A894EC193DB06A007D3EDF /* MainViewController.m in Sources */ = {isa = PBXBuildFile; fileRef = 99A894EB193DB06A007D3EDF /* MainViewController.m */; };
		99A894EE193DB094007D3EDF /* Main.storyboard in Resources */ = {isa = PBXBuildFile; fileRef = 99A894ED193DB094007D3EDF /* Main.storyboard */; };
		99FDFD66193C807B004FE858 /* libopus.a in Frameworks */ = {isa = PBXBuildFile; fileRef = 6226D982193C79E50060BDD4 /* libopus.a */; };
/* End PBXBuildFile section */

/* Begin PBXCopyFilesBuildPhase section */
		62BDC48C1934704C00CF7520 /* CopyFiles */ = {
			isa = PBXCopyFilesBuildPhase;
			buildActionMask = 2147483647;
			dstPath = "include/$(PRODUCT_NAME)";
			dstSubfolderSpec = 16;
			files = (
			);
			runOnlyForDeploymentPostprocessing = 0;
		};
/* End PBXCopyFilesBuildPhase section */

/* Begin PBXFileReference section */
		6226D982193C79E50060BDD4 /* libopus.a */ = {isa = PBXFileReference; lastKnownFileType = archive.ar; path = libopus.a; sourceTree = "<group>"; };
		62656BDE193F664700F66F61 /* INativeInterface.h */ = {isa = PBXFileReference; fileEncoding = 4; lastKnownFileType = sourcecode.c.h; path = INativeInterface.h; sourceTree = "<group>"; };
		62656BE0193F665200F66F61 /* libvorbis.a */ = {isa = PBXFileReference; lastKnownFileType = archive.ar; path = libvorbis.a; sourceTree = "<group>"; };
		62656BE6193F7F4C00F66F61 /* VorbisDecoder.h */ = {isa = PBXFileReference; fileEncoding = 4; lastKnownFileType = sourcecode.c.h; path = VorbisDecoder.h; sourceTree = "<group>"; };
		62656BE7193F835900F66F61 /* libvorbis.a */ = {isa = PBXFileReference; lastKnownFileType = archive.ar; name = libvorbis.a; path = "../../../../Library/Developer/Xcode/DerivedData/openplayer-fxocuoaedisxktchfqfranxlaonq/Build/Products/Debug-iphoneos/libvorbis.a"; sourceTree = "<group>"; };
		62656C0A1940D62F00F66F61 /* AudioController.h */ = {isa = PBXFileReference; fileEncoding = 4; lastKnownFileType = sourcecode.c.h; path = AudioController.h; sourceTree = "<group>"; };
		62656C0B1940D62F00F66F61 /* AudioController.m */ = {isa = PBXFileReference; fileEncoding = 4; lastKnownFileType = sourcecode.c.objc; path = AudioController.m; sourceTree = "<group>"; };
		627C7C95193C66DD0031B485 /* OpusDecoder.h */ = {isa = PBXFileReference; fileEncoding = 4; lastKnownFileType = sourcecode.c.h; path = OpusDecoder.h; sourceTree = "<group>"; };
		627DC895194F1FCD002D02EB /* CircularBuffer.h */ = {isa = PBXFileReference; fileEncoding = 4; lastKnownFileType = sourcecode.c.h; path = CircularBuffer.h; sourceTree = "<group>"; };
		627DC896194F1FCD002D02EB /* CircularBuffer.m */ = {isa = PBXFileReference; fileEncoding = 4; lastKnownFileType = sourcecode.c.objc; path = CircularBuffer.m; sourceTree = "<group>"; };
		628CE76C193DADC3009FB38C /* PlayerEvents.h */ = {isa = PBXFileReference; fileEncoding = 4; lastKnownFileType = sourcecode.c.h; path = PlayerEvents.h; sourceTree = "<group>"; };
		628CE76D193DADC3009FB38C /* PlayerEvents.m */ = {isa = PBXFileReference; fileEncoding = 4; lastKnownFileType = sourcecode.c.objc; path = PlayerEvents.m; sourceTree = "<group>"; };
		62BDC48E1934704C00CF7520 /* libopenplayer.a */ = {isa = PBXFileReference; explicitFileType = archive.ar; includeInIndex = 0; path = libopenplayer.a; sourceTree = BUILT_PRODUCTS_DIR; };
		62BDC4911934704C00CF7520 /* Foundation.framework */ = {isa = PBXFileReference; lastKnownFileType = wrapper.framework; name = Foundation.framework; path = System/Library/Frameworks/Foundation.framework; sourceTree = SDKROOT; };
		62BDC49F1934704C00CF7520 /* XCTest.framework */ = {isa = PBXFileReference; lastKnownFileType = wrapper.framework; name = XCTest.framework; path = Library/Frameworks/XCTest.framework; sourceTree = DEVELOPER_DIR; };
		992278961938751C0005DB1F /* StreamConnection.h */ = {isa = PBXFileReference; fileEncoding = 4; lastKnownFileType = sourcecode.c.h; path = StreamConnection.h; sourceTree = "<group>"; };
		992278971938751C0005DB1F /* StreamConnection.m */ = {isa = PBXFileReference; fileEncoding = 4; lastKnownFileType = sourcecode.c.objc; path = StreamConnection.m; sourceTree = "<group>"; };
		992278981938751C0005DB1F /* Player.h */ = {isa = PBXFileReference; fileEncoding = 4; lastKnownFileType = sourcecode.c.h; path = Player.h; sourceTree = "<group>"; };
		992278991938751C0005DB1F /* Player.m */ = {isa = PBXFileReference; fileEncoding = 4; lastKnownFileType = sourcecode.c.objc; path = Player.m; sourceTree = "<group>"; };
		992278EE1938C2060005DB1F /* openplayerdemo.app */ = {isa = PBXFileReference; explicitFileType = wrapper.application; includeInIndex = 0; path = openplayerdemo.app; sourceTree = BUILT_PRODUCTS_DIR; };
		992278F01938C2060005DB1F /* CoreGraphics.framework */ = {isa = PBXFileReference; lastKnownFileType = wrapper.framework; name = CoreGraphics.framework; path = System/Library/Frameworks/CoreGraphics.framework; sourceTree = SDKROOT; };
		992278F21938C2060005DB1F /* UIKit.framework */ = {isa = PBXFileReference; lastKnownFileType = wrapper.framework; name = UIKit.framework; path = System/Library/Frameworks/UIKit.framework; sourceTree = SDKROOT; };
		992278F61938C2060005DB1F /* openplayerdemo-Info.plist */ = {isa = PBXFileReference; lastKnownFileType = text.plist.xml; path = "openplayerdemo-Info.plist"; sourceTree = "<group>"; };
		992278F81938C2060005DB1F /* en */ = {isa = PBXFileReference; lastKnownFileType = text.plist.strings; name = en; path = en.lproj/InfoPlist.strings; sourceTree = "<group>"; };
		992278FA1938C2060005DB1F /* main.m */ = {isa = PBXFileReference; lastKnownFileType = sourcecode.c.objc; path = main.m; sourceTree = "<group>"; };
		992278FD1938C2060005DB1F /* AppDelegate.h */ = {isa = PBXFileReference; lastKnownFileType = sourcecode.c.h; path = AppDelegate.h; sourceTree = "<group>"; };
		992278FE1938C2060005DB1F /* AppDelegate.m */ = {isa = PBXFileReference; lastKnownFileType = sourcecode.c.objc; path = AppDelegate.m; sourceTree = "<group>"; };
		992279001938C2060005DB1F /* Images.xcassets */ = {isa = PBXFileReference; lastKnownFileType = folder.assetcatalog; path = Images.xcassets; sourceTree = "<group>"; };
		99A894EA193DB06A007D3EDF /* MainViewController.h */ = {isa = PBXFileReference; fileEncoding = 4; lastKnownFileType = sourcecode.c.h; path = MainViewController.h; sourceTree = "<group>"; };
		99A894EB193DB06A007D3EDF /* MainViewController.m */ = {isa = PBXFileReference; fileEncoding = 4; lastKnownFileType = sourcecode.c.objc; path = MainViewController.m; sourceTree = "<group>"; };
		99A894ED193DB094007D3EDF /* Main.storyboard */ = {isa = PBXFileReference; fileEncoding = 4; lastKnownFileType = file.storyboard; path = Main.storyboard; sourceTree = "<group>"; };
/* End PBXFileReference section */

/* Begin PBXFrameworksBuildPhase section */
		62BDC48B1934704C00CF7520 /* Frameworks */ = {
			isa = PBXFrameworksBuildPhase;
			buildActionMask = 2147483647;
			files = (
				62656BE1193F665200F66F61 /* libvorbis.a in Frameworks */,
				6226D983193C79E50060BDD4 /* libopus.a in Frameworks */,
				62BDC4921934704C00CF7520 /* Foundation.framework in Frameworks */,
			);
			runOnlyForDeploymentPostprocessing = 0;
		};
		992278EB1938C2060005DB1F /* Frameworks */ = {
			isa = PBXFrameworksBuildPhase;
			buildActionMask = 2147483647;
			files = (
				62656BE8193F835900F66F61 /* libvorbis.a in Frameworks */,
				992278F11938C2060005DB1F /* CoreGraphics.framework in Frameworks */,
				992278F31938C2060005DB1F /* UIKit.framework in Frameworks */,
				99FDFD66193C807B004FE858 /* libopus.a in Frameworks */,
				992278EF1938C2060005DB1F /* Foundation.framework in Frameworks */,
			);
			runOnlyForDeploymentPostprocessing = 0;
		};
/* End PBXFrameworksBuildPhase section */

/* Begin PBXGroup section */
		62656BDF193F665200F66F61 /* libvorbis */ = {
			isa = PBXGroup;
			children = (
				62656BE6193F7F4C00F66F61 /* VorbisDecoder.h */,
				62656BE0193F665200F66F61 /* libvorbis.a */,
			);
			path = libvorbis;
			sourceTree = "<group>";
		};
		62656C091940D62F00F66F61 /* AudioController */ = {
			isa = PBXGroup;
			children = (
				62656C0A1940D62F00F66F61 /* AudioController.h */,
				62656C0B1940D62F00F66F61 /* AudioController.m */,
				627DC895194F1FCD002D02EB /* CircularBuffer.h */,
				627DC896194F1FCD002D02EB /* CircularBuffer.m */,
			);
			path = AudioController;
			sourceTree = "<group>";
		};
		627C7C88193C60D80031B485 /* libs */ = {
			isa = PBXGroup;
			children = (
				62656BDF193F665200F66F61 /* libvorbis */,
				62656BDE193F664700F66F61 /* INativeInterface.h */,
				627C7C89193C60D80031B485 /* libopus */,
			);
			path = libs;
			sourceTree = "<group>";
		};
		627C7C89193C60D80031B485 /* libopus */ = {
			isa = PBXGroup;
			children = (
				6226D982193C79E50060BDD4 /* libopus.a */,
				627C7C95193C66DD0031B485 /* OpusDecoder.h */,
			);
			path = libopus;
			sourceTree = "<group>";
		};
		62BDC4851934704B00CF7520 = {
			isa = PBXGroup;
			children = (
				62656C091940D62F00F66F61 /* AudioController */,
				627C7C88193C60D80031B485 /* libs */,
				62BDC4931934704C00CF7520 /* openplayer */,
				992278F41938C2060005DB1F /* openplayerdemo */,
				62BDC4901934704C00CF7520 /* Frameworks */,
				62BDC48F1934704C00CF7520 /* Products */,
			);
			sourceTree = "<group>";
		};
		62BDC48F1934704C00CF7520 /* Products */ = {
			isa = PBXGroup;
			children = (
				62BDC48E1934704C00CF7520 /* libopenplayer.a */,
				992278EE1938C2060005DB1F /* openplayerdemo.app */,
			);
			name = Products;
			sourceTree = "<group>";
		};
		62BDC4901934704C00CF7520 /* Frameworks */ = {
			isa = PBXGroup;
			children = (
				62656BE7193F835900F66F61 /* libvorbis.a */,
				62BDC4911934704C00CF7520 /* Foundation.framework */,
				62BDC49F1934704C00CF7520 /* XCTest.framework */,
				992278F01938C2060005DB1F /* CoreGraphics.framework */,
				992278F21938C2060005DB1F /* UIKit.framework */,
			);
			name = Frameworks;
			sourceTree = "<group>";
		};
		62BDC4931934704C00CF7520 /* openplayer */ = {
			isa = PBXGroup;
			children = (
				992278961938751C0005DB1F /* StreamConnection.h */,
				992278971938751C0005DB1F /* StreamConnection.m */,
				992278981938751C0005DB1F /* Player.h */,
				992278991938751C0005DB1F /* Player.m */,
				628CE76C193DADC3009FB38C /* PlayerEvents.h */,
				628CE76D193DADC3009FB38C /* PlayerEvents.m */,
			);
			path = openplayer;
			sourceTree = "<group>";
		};
		992278F41938C2060005DB1F /* openplayerdemo */ = {
			isa = PBXGroup;
			children = (
				992278FD1938C2060005DB1F /* AppDelegate.h */,
				992278FE1938C2060005DB1F /* AppDelegate.m */,
				992279001938C2060005DB1F /* Images.xcassets */,
				992278F51938C2060005DB1F /* Supporting Files */,
				99A894EA193DB06A007D3EDF /* MainViewController.h */,
				99A894EB193DB06A007D3EDF /* MainViewController.m */,
				99A894ED193DB094007D3EDF /* Main.storyboard */,
			);
			path = openplayerdemo;
			sourceTree = "<group>";
		};
		992278F51938C2060005DB1F /* Supporting Files */ = {
			isa = PBXGroup;
			children = (
				992278F61938C2060005DB1F /* openplayerdemo-Info.plist */,
				992278F71938C2060005DB1F /* InfoPlist.strings */,
				992278FA1938C2060005DB1F /* main.m */,
			);
			name = "Supporting Files";
			sourceTree = "<group>";
		};
/* End PBXGroup section */

/* Begin PBXNativeTarget section */
		62BDC48D1934704C00CF7520 /* openplayer */ = {
			isa = PBXNativeTarget;
			buildConfigurationList = 62BDC4B11934704C00CF7520 /* Build configuration list for PBXNativeTarget "openplayer" */;
			buildPhases = (
				62BDC48A1934704C00CF7520 /* Sources */,
				62BDC48B1934704C00CF7520 /* Frameworks */,
				62BDC48C1934704C00CF7520 /* CopyFiles */,
			);
			buildRules = (
			);
			dependencies = (
			);
			name = openplayer;
			productName = openplayer;
			productReference = 62BDC48E1934704C00CF7520 /* libopenplayer.a */;
			productType = "com.apple.product-type.library.static";
		};
		992278ED1938C2060005DB1F /* openplayerdemo */ = {
			isa = PBXNativeTarget;
			buildConfigurationList = 992279141938C2060005DB1F /* Build configuration list for PBXNativeTarget "openplayerdemo" */;
			buildPhases = (
				992278EA1938C2060005DB1F /* Sources */,
				992278EB1938C2060005DB1F /* Frameworks */,
				992278EC1938C2060005DB1F /* Resources */,
			);
			buildRules = (
			);
			dependencies = (
			);
			name = openplayerdemo;
			productName = openplayerdemo;
			productReference = 992278EE1938C2060005DB1F /* openplayerdemo.app */;
			productType = "com.apple.product-type.application";
		};
/* End PBXNativeTarget section */

/* Begin PBXProject section */
		62BDC4861934704B00CF7520 /* Project object */ = {
			isa = PBXProject;
			attributes = {
				LastUpgradeCheck = 0510;
				ORGANIZATIONNAME = AudioNowDigital;
			};
			buildConfigurationList = 62BDC4891934704B00CF7520 /* Build configuration list for PBXProject "openplayer" */;
			compatibilityVersion = "Xcode 3.2";
			developmentRegion = English;
			hasScannedForEncodings = 0;
			knownRegions = (
				en,
			);
			mainGroup = 62BDC4851934704B00CF7520;
			productRefGroup = 62BDC48F1934704C00CF7520 /* Products */;
			projectDirPath = "";
			projectRoot = "";
			targets = (
				62BDC48D1934704C00CF7520 /* openplayer */,
				992278ED1938C2060005DB1F /* openplayerdemo */,
			);
		};
/* End PBXProject section */

/* Begin PBXResourcesBuildPhase section */
		992278EC1938C2060005DB1F /* Resources */ = {
			isa = PBXResourcesBuildPhase;
			buildActionMask = 2147483647;
			files = (
				99A894EE193DB094007D3EDF /* Main.storyboard in Resources */,
				992278F91938C2060005DB1F /* InfoPlist.strings in Resources */,
				992279011938C2060005DB1F /* Images.xcassets in Resources */,
			);
			runOnlyForDeploymentPostprocessing = 0;
		};
/* End PBXResourcesBuildPhase section */

/* Begin PBXSourcesBuildPhase section */
		62BDC48A1934704C00CF7520 /* Sources */ = {
			isa = PBXSourcesBuildPhase;
			buildActionMask = 2147483647;
			files = (
				627DC897194F1FCD002D02EB /* CircularBuffer.m in Sources */,
				628CE76E193DADC3009FB38C /* PlayerEvents.m in Sources */,
				62656C0C1940D62F00F66F61 /* AudioController.m in Sources */,
				9922789B1938751C0005DB1F /* Player.m in Sources */,
				9922789A1938751C0005DB1F /* StreamConnection.m in Sources */,
			);
			runOnlyForDeploymentPostprocessing = 0;
		};
		992278EA1938C2060005DB1F /* Sources */ = {
			isa = PBXSourcesBuildPhase;
			buildActionMask = 2147483647;
			files = (
				62656C0D1940D7B700F66F61 /* AudioController.h in Sources */,
				62656C0E1940D7B700F66F61 /* AudioController.m in Sources */,
				9922791A1938C2120005DB1F /* StreamConnection.m in Sources */,
				99A894EC193DB06A007D3EDF /* MainViewController.m in Sources */,
				628CE76F193DADC3009FB38C /* PlayerEvents.m in Sources */,
				992278FF1938C2060005DB1F /* AppDelegate.m in Sources */,
				992278FB1938C2060005DB1F /* main.m in Sources */,
				9922791B1938C2150005DB1F /* Player.m in Sources */,
			);
			runOnlyForDeploymentPostprocessing = 0;
		};
/* End PBXSourcesBuildPhase section */

/* Begin PBXVariantGroup section */
		992278F71938C2060005DB1F /* InfoPlist.strings */ = {
			isa = PBXVariantGroup;
			children = (
				992278F81938C2060005DB1F /* en */,
			);
			name = InfoPlist.strings;
			sourceTree = "<group>";
		};
/* End PBXVariantGroup section */

/* Begin XCBuildConfiguration section */
		62BDC4AF1934704C00CF7520 /* Debug */ = {
			isa = XCBuildConfiguration;
			buildSettings = {
				ALWAYS_SEARCH_USER_PATHS = NO;
				CLANG_CXX_LANGUAGE_STANDARD = "gnu++0x";
				CLANG_CXX_LIBRARY = "libc++";
				CLANG_ENABLE_MODULES = YES;
				CLANG_ENABLE_OBJC_ARC = YES;
				CLANG_WARN_BOOL_CONVERSION = YES;
				CLANG_WARN_CONSTANT_CONVERSION = YES;
				CLANG_WARN_DIRECT_OBJC_ISA_USAGE = YES_ERROR;
				CLANG_WARN_EMPTY_BODY = YES;
				CLANG_WARN_ENUM_CONVERSION = YES;
				CLANG_WARN_INT_CONVERSION = YES;
				CLANG_WARN_OBJC_ROOT_CLASS = YES_ERROR;
				CLANG_WARN__DUPLICATE_METHOD_MATCH = YES;
				COPY_PHASE_STRIP = NO;
				GCC_C_LANGUAGE_STANDARD = gnu99;
				GCC_DYNAMIC_NO_PIC = NO;
				GCC_OPTIMIZATION_LEVEL = 0;
				GCC_PREPROCESSOR_DEFINITIONS = (
					"DEBUG=1",
					"$(inherited)",
				);
				GCC_SYMBOLS_PRIVATE_EXTERN = NO;
				GCC_WARN_64_TO_32_BIT_CONVERSION = YES;
				GCC_WARN_ABOUT_RETURN_TYPE = YES_ERROR;
				GCC_WARN_UNDECLARED_SELECTOR = YES;
				GCC_WARN_UNINITIALIZED_AUTOS = YES_AGGRESSIVE;
				GCC_WARN_UNUSED_FUNCTION = YES;
				GCC_WARN_UNUSED_VARIABLE = YES;
				IPHONEOS_DEPLOYMENT_TARGET = 7.1;
				ONLY_ACTIVE_ARCH = YES;
				SDKROOT = iphoneos;
			};
			name = Debug;
		};
		62BDC4B01934704C00CF7520 /* Release */ = {
			isa = XCBuildConfiguration;
			buildSettings = {
				ALWAYS_SEARCH_USER_PATHS = NO;
				CLANG_CXX_LANGUAGE_STANDARD = "gnu++0x";
				CLANG_CXX_LIBRARY = "libc++";
				CLANG_ENABLE_MODULES = YES;
				CLANG_ENABLE_OBJC_ARC = YES;
				CLANG_WARN_BOOL_CONVERSION = YES;
				CLANG_WARN_CONSTANT_CONVERSION = YES;
				CLANG_WARN_DIRECT_OBJC_ISA_USAGE = YES_ERROR;
				CLANG_WARN_EMPTY_BODY = YES;
				CLANG_WARN_ENUM_CONVERSION = YES;
				CLANG_WARN_INT_CONVERSION = YES;
				CLANG_WARN_OBJC_ROOT_CLASS = YES_ERROR;
				CLANG_WARN__DUPLICATE_METHOD_MATCH = YES;
				COPY_PHASE_STRIP = YES;
				ENABLE_NS_ASSERTIONS = NO;
				GCC_C_LANGUAGE_STANDARD = gnu99;
				GCC_WARN_64_TO_32_BIT_CONVERSION = YES;
				GCC_WARN_ABOUT_RETURN_TYPE = YES_ERROR;
				GCC_WARN_UNDECLARED_SELECTOR = YES;
				GCC_WARN_UNINITIALIZED_AUTOS = YES_AGGRESSIVE;
				GCC_WARN_UNUSED_FUNCTION = YES;
				GCC_WARN_UNUSED_VARIABLE = YES;
				IPHONEOS_DEPLOYMENT_TARGET = 7.1;
				SDKROOT = iphoneos;
				VALIDATE_PRODUCT = YES;
			};
			name = Release;
		};
		62BDC4B21934704C00CF7520 /* Debug */ = {
			isa = XCBuildConfiguration;
			buildSettings = {
				DSTROOT = /tmp/openplayer.dst;
				FRAMEWORK_SEARCH_PATHS = "$(inherited)";
				GCC_INCREASE_PRECOMPILED_HEADER_SHARING = NO;
				HEADER_SEARCH_PATHS = (
					"$(inherited)",
					/Applications/Xcode.app/Contents/Developer/Toolchains/XcodeDefault.xctoolchain/usr/include,
					"$(PROJECT_DIR)/libs/libvorbis",
					"$(PROJECT_DIR)/libs/libopus",
				);
				LIBRARY_SEARCH_PATHS = (
					"$(inherited)",
					"$(PROJECT_DIR)/libs/libopus",
					"$(PROJECT_DIR)/libs/libvorbis",
				);
				OTHER_LDFLAGS = "-ObjC";
				PRODUCT_NAME = "$(TARGET_NAME)";
				SKIP_INSTALL = YES;
			};
			name = Debug;
		};
		62BDC4B31934704C00CF7520 /* Release */ = {
			isa = XCBuildConfiguration;
			buildSettings = {
				DSTROOT = /tmp/openplayer.dst;
				FRAMEWORK_SEARCH_PATHS = "$(inherited)";
				GCC_INCREASE_PRECOMPILED_HEADER_SHARING = NO;
				HEADER_SEARCH_PATHS = (
					"$(inherited)",
					/Applications/Xcode.app/Contents/Developer/Toolchains/XcodeDefault.xctoolchain/usr/include,
					"$(PROJECT_DIR)/libs/libvorbis",
					"$(PROJECT_DIR)/libs/libopus",
				);
				LIBRARY_SEARCH_PATHS = (
					"$(inherited)",
					"$(PROJECT_DIR)/libs/libopus",
					"$(PROJECT_DIR)/libs/libvorbis",
				);
				OTHER_LDFLAGS = "-ObjC";
				PRODUCT_NAME = "$(TARGET_NAME)";
				SKIP_INSTALL = YES;
			};
			name = Release;
		};
		992279151938C2060005DB1F /* Debug */ = {
			isa = XCBuildConfiguration;
			buildSettings = {
				ASSETCATALOG_COMPILER_APPICON_NAME = AppIcon;
				ASSETCATALOG_COMPILER_LAUNCHIMAGE_NAME = LaunchImage;
				"CODE_SIGN_IDENTITY[sdk=iphoneos*]" = "iPhone Developer";
				FRAMEWORK_SEARCH_PATHS = "$(inherited)";
				GCC_PREPROCESSOR_DEFINITIONS = (
					"DEBUG=1",
					"$(inherited)",
				);
				HEADER_SEARCH_PATHS = (
					"$(inherited)",
					/Applications/Xcode.app/Contents/Developer/Toolchains/XcodeDefault.xctoolchain/usr/include,
					"$(PROJECT_DIR)/Frameworks/**",
				);
				INFOPLIST_FILE = "openplayerdemo/openplayerdemo-Info.plist";
				IPHONEOS_DEPLOYMENT_TARGET = 6.1;
				LIBRARY_SEARCH_PATHS = (
					"$(inherited)",
					"$(PROJECT_DIR)/libs/libopus",
					"$(USER_LIBRARY_DIR)/Developer/Xcode/DerivedData/openplayer-fxocuoaedisxktchfqfranxlaonq/Build/Products/Debug-iphoneos",
				);
				PRODUCT_NAME = "$(TARGET_NAME)";
				TARGETED_DEVICE_FAMILY = "1,2";
				WRAPPER_EXTENSION = app;
			};
			name = Debug;
		};
		992279161938C2060005DB1F /* Release */ = {
			isa = XCBuildConfiguration;
			buildSettings = {
				ASSETCATALOG_COMPILER_APPICON_NAME = AppIcon;
				ASSETCATALOG_COMPILER_LAUNCHIMAGE_NAME = LaunchImage;
				"CODE_SIGN_IDENTITY[sdk=iphoneos*]" = "iPhone Developer";
				FRAMEWORK_SEARCH_PATHS = "$(inherited)";
				HEADER_SEARCH_PATHS = (
					"$(inherited)",
					/Applications/Xcode.app/Contents/Developer/Toolchains/XcodeDefault.xctoolchain/usr/include,
					"$(PROJECT_DIR)/Frameworks/**",
				);
				INFOPLIST_FILE = "openplayerdemo/openplayerdemo-Info.plist";
				IPHONEOS_DEPLOYMENT_TARGET = 6.1;
				LIBRARY_SEARCH_PATHS = (
					"$(inherited)",
					"$(PROJECT_DIR)/libs/libopus",
					"$(USER_LIBRARY_DIR)/Developer/Xcode/DerivedData/openplayer-fxocuoaedisxktchfqfranxlaonq/Build/Products/Debug-iphoneos",
				);
				PRODUCT_NAME = "$(TARGET_NAME)";
				TARGETED_DEVICE_FAMILY = "1,2";
				WRAPPER_EXTENSION = app;
			};
			name = Release;
		};
/* End XCBuildConfiguration section */

/* Begin XCConfigurationList section */
		62BDC4891934704B00CF7520 /* Build configuration list for PBXProject "openplayer" */ = {
			isa = XCConfigurationList;
			buildConfigurations = (
				62BDC4AF1934704C00CF7520 /* Debug */,
				62BDC4B01934704C00CF7520 /* Release */,
			);
			defaultConfigurationIsVisible = 0;
			defaultConfigurationName = Release;
		};
		62BDC4B11934704C00CF7520 /* Build configuration list for PBXNativeTarget "openplayer" */ = {
			isa = XCConfigurationList;
			buildConfigurations = (
				62BDC4B21934704C00CF7520 /* Debug */,
				62BDC4B31934704C00CF7520 /* Release */,
			);
			defaultConfigurationIsVisible = 0;
			defaultConfigurationName = Release;
		};
		992279141938C2060005DB1F /* Build configuration list for PBXNativeTarget "openplayerdemo" */ = {
			isa = XCConfigurationList;
			buildConfigurations = (
				992279151938C2060005DB1F /* Debug */,
				992279161938C2060005DB1F /* Release */,
			);
			defaultConfigurationIsVisible = 0;
			defaultConfigurationName = Release;
		};
/* End XCConfigurationList section */
	};
	rootObject = 62BDC4861934704B00CF7520 /* Project object */;
}
