// !$*UTF8*$!
{
	archiveVersion = 1;
	classes = {
	};
	objectVersion = 46;
	objects = {

/* Begin PBXAggregateTarget section */
		62656BCF193F45E000F66F61 /* BuildLipoVorbis */ = {
			isa = PBXAggregateTarget;
			buildConfigurationList = 62656BD0193F45E000F66F61 /* Build configuration list for PBXAggregateTarget "BuildLipoVorbis" */;
			buildPhases = (
				62656BD3193F45E700F66F61 /* ShellScript */,
				62656BD4193F509E00F66F61 /* CopyFiles */,
			);
			dependencies = (
			);
			name = BuildLipoVorbis;
			productName = BuildLipoVorbis;
		};
/* End PBXAggregateTarget section */

/* Begin PBXBuildFile section */
		62656BDD193F662C00F66F61 /* VorbisDecoder.m in Sources */ = {isa = PBXBuildFile; fileRef = 62656BDC193F662C00F66F61 /* VorbisDecoder.m */; };
		62656BE2193F666D00F66F61 /* VorbisDecoder.h in CopyFiles */ = {isa = PBXBuildFile; fileRef = 62656BDB193F662C00F66F61 /* VorbisDecoder.h */; };
		62ED4D92193739AA00CF5BA8 /* Foundation.framework in Frameworks */ = {isa = PBXBuildFile; fileRef = 62ED4D91193739AA00CF5BA8 /* Foundation.framework */; };
		62ED4EE0193757D300CF5BA8 /* analysis.c in Sources */ = {isa = PBXBuildFile; fileRef = 62ED4E86193757D300CF5BA8 /* analysis.c */; };
		62ED4EE2193757D300CF5BA8 /* barkmel.c in Sources */ = {isa = PBXBuildFile; fileRef = 62ED4E88193757D300CF5BA8 /* barkmel.c */; };
		62ED4EE3193757D300CF5BA8 /* bitrate.c in Sources */ = {isa = PBXBuildFile; fileRef = 62ED4E89193757D300CF5BA8 /* bitrate.c */; };
		62ED4EE5193757D300CF5BA8 /* block.c in Sources */ = {isa = PBXBuildFile; fileRef = 62ED4E8B193757D300CF5BA8 /* block.c */; };
		62ED4EEA193757D300CF5BA8 /* codebook.c in Sources */ = {isa = PBXBuildFile; fileRef = 62ED4E9C193757D300CF5BA8 /* codebook.c */; };
		62ED4EED193757D300CF5BA8 /* envelope.c in Sources */ = {isa = PBXBuildFile; fileRef = 62ED4E9F193757D300CF5BA8 /* envelope.c */; };
		62ED4EEF193757D300CF5BA8 /* floor0.c in Sources */ = {isa = PBXBuildFile; fileRef = 62ED4EA1193757D300CF5BA8 /* floor0.c */; };
		62ED4EF0193757D300CF5BA8 /* floor1.c in Sources */ = {isa = PBXBuildFile; fileRef = 62ED4EA2193757D300CF5BA8 /* floor1.c */; };
		62ED4EF2193757D300CF5BA8 /* info.c in Sources */ = {isa = PBXBuildFile; fileRef = 62ED4EA4193757D300CF5BA8 /* info.c */; };
		62ED4EF3193757D300CF5BA8 /* lookup.c in Sources */ = {isa = PBXBuildFile; fileRef = 62ED4EA5193757D300CF5BA8 /* lookup.c */; };
		62ED4EF6193757D300CF5BA8 /* lpc.c in Sources */ = {isa = PBXBuildFile; fileRef = 62ED4EA9193757D300CF5BA8 /* lpc.c */; };
		62ED4EF8193757D300CF5BA8 /* lsp.c in Sources */ = {isa = PBXBuildFile; fileRef = 62ED4EAB193757D300CF5BA8 /* lsp.c */; };
		62ED4EFA193757D300CF5BA8 /* mapping0.c in Sources */ = {isa = PBXBuildFile; fileRef = 62ED4EAF193757D300CF5BA8 /* mapping0.c */; };
		62ED4EFC193757D300CF5BA8 /* mdct.c in Sources */ = {isa = PBXBuildFile; fileRef = 62ED4EB1193757D300CF5BA8 /* mdct.c */; };
		62ED4F13193757D400CF5BA8 /* psy.c in Sources */ = {isa = PBXBuildFile; fileRef = 62ED4ECB193757D300CF5BA8 /* psy.c */; };
		62ED4F16193757D400CF5BA8 /* registry.c in Sources */ = {isa = PBXBuildFile; fileRef = 62ED4ECE193757D300CF5BA8 /* registry.c */; };
		62ED4F18193757D500CF5BA8 /* res0.c in Sources */ = {isa = PBXBuildFile; fileRef = 62ED4ED0193757D300CF5BA8 /* res0.c */; };
		62ED4F1A193757D500CF5BA8 /* sharedbook.c in Sources */ = {isa = PBXBuildFile; fileRef = 62ED4ED2193757D300CF5BA8 /* sharedbook.c */; };
		62ED4F1B193757D500CF5BA8 /* smallft.c in Sources */ = {isa = PBXBuildFile; fileRef = 62ED4ED3193757D300CF5BA8 /* smallft.c */; };
		62ED4F1D193757D500CF5BA8 /* synthesis.c in Sources */ = {isa = PBXBuildFile; fileRef = 62ED4ED5193757D300CF5BA8 /* synthesis.c */; };
		62ED4F1E193757D500CF5BA8 /* tone.c in Sources */ = {isa = PBXBuildFile; fileRef = 62ED4ED6193757D300CF5BA8 /* tone.c */; };
		62ED4F1F193757D500CF5BA8 /* vorbisenc.c in Sources */ = {isa = PBXBuildFile; fileRef = 62ED4ED7193757D300CF5BA8 /* vorbisenc.c */; };
		62ED4F20193757D500CF5BA8 /* vorbisfile.c in Sources */ = {isa = PBXBuildFile; fileRef = 62ED4ED8193757D300CF5BA8 /* vorbisfile.c */; };
		62ED4F21193757D500CF5BA8 /* window.c in Sources */ = {isa = PBXBuildFile; fileRef = 62ED4ED9193757D300CF5BA8 /* window.c */; };
		62ED4F3B19376BDB00CF5BA8 /* bitwise.c in Sources */ = {isa = PBXBuildFile; fileRef = 62ED4F3419376BDB00CF5BA8 /* bitwise.c */; };
		62ED4F3C19376BDB00CF5BA8 /* framing.c in Sources */ = {isa = PBXBuildFile; fileRef = 62ED4F3519376BDB00CF5BA8 /* framing.c */; };
/* End PBXBuildFile section */

/* Begin PBXCopyFilesBuildPhase section */
		62656BD4193F509E00F66F61 /* CopyFiles */ = {
			isa = PBXCopyFilesBuildPhase;
			buildActionMask = 2147483647;
			dstPath = "$(PROJECT_DIR)/../openplayer/libs/libvorbis";
			dstSubfolderSpec = 0;
			files = (
				62656BE2193F666D00F66F61 /* VorbisDecoder.h in CopyFiles */,
			);
			runOnlyForDeploymentPostprocessing = 0;
		};
/* End PBXCopyFilesBuildPhase section */

/* Begin PBXFileReference section */
		62656BD9193F662C00F66F61 /* ErrorCodes.h */ = {isa = PBXFileReference; fileEncoding = 4; lastKnownFileType = sourcecode.c.h; path = ErrorCodes.h; sourceTree = "<group>"; };
		62656BDA193F662C00F66F61 /* INativeInterface.h */ = {isa = PBXFileReference; fileEncoding = 4; lastKnownFileType = sourcecode.c.h; path = INativeInterface.h; sourceTree = "<group>"; };
		62656BDB193F662C00F66F61 /* VorbisDecoder.h */ = {isa = PBXFileReference; fileEncoding = 4; lastKnownFileType = sourcecode.c.h; path = VorbisDecoder.h; sourceTree = "<group>"; };
		62656BDC193F662C00F66F61 /* VorbisDecoder.m */ = {isa = PBXFileReference; fileEncoding = 4; lastKnownFileType = sourcecode.c.objc; path = VorbisDecoder.m; sourceTree = "<group>"; };
		62ED4D8E193739AA00CF5BA8 /* libvorbis.a */ = {isa = PBXFileReference; explicitFileType = archive.ar; includeInIndex = 0; path = libvorbis.a; sourceTree = BUILT_PRODUCTS_DIR; };
		62ED4D91193739AA00CF5BA8 /* Foundation.framework */ = {isa = PBXFileReference; lastKnownFileType = wrapper.framework; name = Foundation.framework; path = System/Library/Frameworks/Foundation.framework; sourceTree = SDKROOT; };
		62ED4E78193757D300CF5BA8 /* Android.mk */ = {isa = PBXFileReference; fileEncoding = 4; lastKnownFileType = text; path = Android.mk; sourceTree = "<group>"; };
		62ED4E79193757D300CF5BA8 /* AUTHORS */ = {isa = PBXFileReference; fileEncoding = 4; lastKnownFileType = text; path = AUTHORS; sourceTree = "<group>"; };
		62ED4E7A193757D300CF5BA8 /* CHANGES */ = {isa = PBXFileReference; fileEncoding = 4; lastKnownFileType = text; path = CHANGES; sourceTree = "<group>"; };
		62ED4E7B193757D300CF5BA8 /* COPYING */ = {isa = PBXFileReference; fileEncoding = 4; lastKnownFileType = text; path = COPYING; sourceTree = "<group>"; };
		62ED4E7D193757D300CF5BA8 /* Makefile.am */ = {isa = PBXFileReference; fileEncoding = 4; lastKnownFileType = text; path = Makefile.am; sourceTree = "<group>"; };
		62ED4E7E193757D300CF5BA8 /* Makefile.in */ = {isa = PBXFileReference; fileEncoding = 4; lastKnownFileType = text; path = Makefile.in; sourceTree = "<group>"; };
		62ED4E80193757D300CF5BA8 /* codec.h */ = {isa = PBXFileReference; fileEncoding = 4; lastKnownFileType = sourcecode.c.h; path = codec.h; sourceTree = "<group>"; };
		62ED4E81193757D300CF5BA8 /* Makefile.am */ = {isa = PBXFileReference; fileEncoding = 4; lastKnownFileType = text; path = Makefile.am; sourceTree = "<group>"; };
		62ED4E82193757D300CF5BA8 /* Makefile.in */ = {isa = PBXFileReference; fileEncoding = 4; lastKnownFileType = text; path = Makefile.in; sourceTree = "<group>"; };
		62ED4E83193757D300CF5BA8 /* vorbisenc.h */ = {isa = PBXFileReference; fileEncoding = 4; lastKnownFileType = sourcecode.c.h; path = vorbisenc.h; sourceTree = "<group>"; };
		62ED4E84193757D300CF5BA8 /* vorbisfile.h */ = {isa = PBXFileReference; fileEncoding = 4; lastKnownFileType = sourcecode.c.h; path = vorbisfile.h; sourceTree = "<group>"; };
		62ED4E86193757D300CF5BA8 /* analysis.c */ = {isa = PBXFileReference; fileEncoding = 4; lastKnownFileType = sourcecode.c.c; path = analysis.c; sourceTree = "<group>"; };
		62ED4E87193757D300CF5BA8 /* backends.h */ = {isa = PBXFileReference; fileEncoding = 4; lastKnownFileType = sourcecode.c.h; path = backends.h; sourceTree = "<group>"; };
		62ED4E88193757D300CF5BA8 /* barkmel.c */ = {isa = PBXFileReference; fileEncoding = 4; lastKnownFileType = sourcecode.c.c; path = barkmel.c; sourceTree = "<group>"; };
		62ED4E89193757D300CF5BA8 /* bitrate.c */ = {isa = PBXFileReference; fileEncoding = 4; lastKnownFileType = sourcecode.c.c; path = bitrate.c; sourceTree = "<group>"; };
		62ED4E8A193757D300CF5BA8 /* bitrate.h */ = {isa = PBXFileReference; fileEncoding = 4; lastKnownFileType = sourcecode.c.h; path = bitrate.h; sourceTree = "<group>"; };
		62ED4E8B193757D300CF5BA8 /* block.c */ = {isa = PBXFileReference; fileEncoding = 4; lastKnownFileType = sourcecode.c.c; path = block.c; sourceTree = "<group>"; };
		62ED4E8E193757D300CF5BA8 /* Makefile.am */ = {isa = PBXFileReference; fileEncoding = 4; lastKnownFileType = text; path = Makefile.am; sourceTree = "<group>"; };
		62ED4E8F193757D300CF5BA8 /* Makefile.in */ = {isa = PBXFileReference; fileEncoding = 4; lastKnownFileType = text; path = Makefile.in; sourceTree = "<group>"; };
		62ED4E90193757D300CF5BA8 /* res_books_51.h */ = {isa = PBXFileReference; fileEncoding = 4; lastKnownFileType = sourcecode.c.h; path = res_books_51.h; sourceTree = "<group>"; };
		62ED4E91193757D300CF5BA8 /* res_books_stereo.h */ = {isa = PBXFileReference; fileEncoding = 4; lastKnownFileType = sourcecode.c.h; path = res_books_stereo.h; sourceTree = "<group>"; };
		62ED4E93193757D300CF5BA8 /* floor_books.h */ = {isa = PBXFileReference; fileEncoding = 4; lastKnownFileType = sourcecode.c.h; path = floor_books.h; sourceTree = "<group>"; };
		62ED4E94193757D300CF5BA8 /* Makefile.am */ = {isa = PBXFileReference; fileEncoding = 4; lastKnownFileType = text; path = Makefile.am; sourceTree = "<group>"; };
		62ED4E95193757D300CF5BA8 /* Makefile.in */ = {isa = PBXFileReference; fileEncoding = 4; lastKnownFileType = text; path = Makefile.in; sourceTree = "<group>"; };
		62ED4E96193757D300CF5BA8 /* Makefile.am */ = {isa = PBXFileReference; fileEncoding = 4; lastKnownFileType = text; path = Makefile.am; sourceTree = "<group>"; };
		62ED4E97193757D300CF5BA8 /* Makefile.in */ = {isa = PBXFileReference; fileEncoding = 4; lastKnownFileType = text; path = Makefile.in; sourceTree = "<group>"; };
		62ED4E99193757D300CF5BA8 /* Makefile.am */ = {isa = PBXFileReference; fileEncoding = 4; lastKnownFileType = text; path = Makefile.am; sourceTree = "<group>"; };
		62ED4E9A193757D300CF5BA8 /* Makefile.in */ = {isa = PBXFileReference; fileEncoding = 4; lastKnownFileType = text; path = Makefile.in; sourceTree = "<group>"; };
		62ED4E9B193757D300CF5BA8 /* res_books_uncoupled.h */ = {isa = PBXFileReference; fileEncoding = 4; lastKnownFileType = sourcecode.c.h; path = res_books_uncoupled.h; sourceTree = "<group>"; };
		62ED4E9C193757D300CF5BA8 /* codebook.c */ = {isa = PBXFileReference; fileEncoding = 4; lastKnownFileType = sourcecode.c.c; path = codebook.c; sourceTree = "<group>"; };
		62ED4E9D193757D300CF5BA8 /* codebook.h */ = {isa = PBXFileReference; fileEncoding = 4; lastKnownFileType = sourcecode.c.h; path = codebook.h; sourceTree = "<group>"; };
		62ED4E9E193757D300CF5BA8 /* codec_internal.h */ = {isa = PBXFileReference; fileEncoding = 4; lastKnownFileType = sourcecode.c.h; path = codec_internal.h; sourceTree = "<group>"; };
		62ED4E9F193757D300CF5BA8 /* envelope.c */ = {isa = PBXFileReference; fileEncoding = 4; lastKnownFileType = sourcecode.c.c; path = envelope.c; sourceTree = "<group>"; };
		62ED4EA0193757D300CF5BA8 /* envelope.h */ = {isa = PBXFileReference; fileEncoding = 4; lastKnownFileType = sourcecode.c.h; path = envelope.h; sourceTree = "<group>"; };
		62ED4EA1193757D300CF5BA8 /* floor0.c */ = {isa = PBXFileReference; fileEncoding = 4; lastKnownFileType = sourcecode.c.c; path = floor0.c; sourceTree = "<group>"; };
		62ED4EA2193757D300CF5BA8 /* floor1.c */ = {isa = PBXFileReference; fileEncoding = 4; lastKnownFileType = sourcecode.c.c; path = floor1.c; sourceTree = "<group>"; };
		62ED4EA3193757D300CF5BA8 /* highlevel.h */ = {isa = PBXFileReference; fileEncoding = 4; lastKnownFileType = sourcecode.c.h; path = highlevel.h; sourceTree = "<group>"; };
		62ED4EA4193757D300CF5BA8 /* info.c */ = {isa = PBXFileReference; fileEncoding = 4; lastKnownFileType = sourcecode.c.c; path = info.c; sourceTree = "<group>"; };
		62ED4EA5193757D300CF5BA8 /* lookup.c */ = {isa = PBXFileReference; fileEncoding = 4; lastKnownFileType = sourcecode.c.c; path = lookup.c; sourceTree = "<group>"; };
		62ED4EA6193757D300CF5BA8 /* lookup.h */ = {isa = PBXFileReference; fileEncoding = 4; lastKnownFileType = sourcecode.c.h; path = lookup.h; sourceTree = "<group>"; };
		62ED4EA7193757D300CF5BA8 /* lookup_data.h */ = {isa = PBXFileReference; fileEncoding = 4; lastKnownFileType = sourcecode.c.h; path = lookup_data.h; sourceTree = "<group>"; };
		62ED4EA8193757D300CF5BA8 /* lookups.pl */ = {isa = PBXFileReference; fileEncoding = 4; lastKnownFileType = text.script.perl; path = lookups.pl; sourceTree = "<group>"; };
		62ED4EA9193757D300CF5BA8 /* lpc.c */ = {isa = PBXFileReference; fileEncoding = 4; lastKnownFileType = sourcecode.c.c; path = lpc.c; sourceTree = "<group>"; };
		62ED4EAA193757D300CF5BA8 /* lpc.h */ = {isa = PBXFileReference; fileEncoding = 4; lastKnownFileType = sourcecode.c.h; path = lpc.h; sourceTree = "<group>"; };
		62ED4EAB193757D300CF5BA8 /* lsp.c */ = {isa = PBXFileReference; fileEncoding = 4; lastKnownFileType = sourcecode.c.c; path = lsp.c; sourceTree = "<group>"; };
		62ED4EAC193757D300CF5BA8 /* lsp.h */ = {isa = PBXFileReference; fileEncoding = 4; lastKnownFileType = sourcecode.c.h; path = lsp.h; sourceTree = "<group>"; };
		62ED4EAD193757D300CF5BA8 /* Makefile.am */ = {isa = PBXFileReference; fileEncoding = 4; lastKnownFileType = text; path = Makefile.am; sourceTree = "<group>"; };
		62ED4EAE193757D300CF5BA8 /* Makefile.in */ = {isa = PBXFileReference; fileEncoding = 4; lastKnownFileType = text; path = Makefile.in; sourceTree = "<group>"; };
		62ED4EAF193757D300CF5BA8 /* mapping0.c */ = {isa = PBXFileReference; fileEncoding = 4; lastKnownFileType = sourcecode.c.c; path = mapping0.c; sourceTree = "<group>"; };
		62ED4EB0193757D300CF5BA8 /* masking.h */ = {isa = PBXFileReference; fileEncoding = 4; lastKnownFileType = sourcecode.c.h; path = masking.h; sourceTree = "<group>"; };
		62ED4EB1193757D300CF5BA8 /* mdct.c */ = {isa = PBXFileReference; fileEncoding = 4; lastKnownFileType = sourcecode.c.c; path = mdct.c; sourceTree = "<group>"; };
		62ED4EB2193757D300CF5BA8 /* mdct.h */ = {isa = PBXFileReference; fileEncoding = 4; lastKnownFileType = sourcecode.c.h; path = mdct.h; sourceTree = "<group>"; };
		62ED4EB3193757D300CF5BA8 /* misc.h */ = {isa = PBXFileReference; fileEncoding = 4; lastKnownFileType = sourcecode.c.h; path = misc.h; sourceTree = "<group>"; };
		62ED4EB5193757D300CF5BA8 /* floor_all.h */ = {isa = PBXFileReference; fileEncoding = 4; lastKnownFileType = sourcecode.c.h; path = floor_all.h; sourceTree = "<group>"; };
		62ED4EB6193757D300CF5BA8 /* Makefile.am */ = {isa = PBXFileReference; fileEncoding = 4; lastKnownFileType = text; path = Makefile.am; sourceTree = "<group>"; };
		62ED4EB7193757D300CF5BA8 /* Makefile.in */ = {isa = PBXFileReference; fileEncoding = 4; lastKnownFileType = text; path = Makefile.in; sourceTree = "<group>"; };
		62ED4EB8193757D300CF5BA8 /* psych_11.h */ = {isa = PBXFileReference; fileEncoding = 4; lastKnownFileType = sourcecode.c.h; path = psych_11.h; sourceTree = "<group>"; };
		62ED4EB9193757D300CF5BA8 /* psych_16.h */ = {isa = PBXFileReference; fileEncoding = 4; lastKnownFileType = sourcecode.c.h; path = psych_16.h; sourceTree = "<group>"; };
		62ED4EBA193757D300CF5BA8 /* psych_44.h */ = {isa = PBXFileReference; fileEncoding = 4; lastKnownFileType = sourcecode.c.h; path = psych_44.h; sourceTree = "<group>"; };
		62ED4EBB193757D300CF5BA8 /* psych_8.h */ = {isa = PBXFileReference; fileEncoding = 4; lastKnownFileType = sourcecode.c.h; path = psych_8.h; sourceTree = "<group>"; };
		62ED4EBC193757D300CF5BA8 /* residue_16.h */ = {isa = PBXFileReference; fileEncoding = 4; lastKnownFileType = sourcecode.c.h; path = residue_16.h; sourceTree = "<group>"; };
		62ED4EBD193757D300CF5BA8 /* residue_44.h */ = {isa = PBXFileReference; fileEncoding = 4; lastKnownFileType = sourcecode.c.h; path = residue_44.h; sourceTree = "<group>"; };
		62ED4EBE193757D300CF5BA8 /* residue_44p51.h */ = {isa = PBXFileReference; fileEncoding = 4; lastKnownFileType = sourcecode.c.h; path = residue_44p51.h; sourceTree = "<group>"; };
		62ED4EBF193757D300CF5BA8 /* residue_44u.h */ = {isa = PBXFileReference; fileEncoding = 4; lastKnownFileType = sourcecode.c.h; path = residue_44u.h; sourceTree = "<group>"; };
		62ED4EC0193757D300CF5BA8 /* residue_8.h */ = {isa = PBXFileReference; fileEncoding = 4; lastKnownFileType = sourcecode.c.h; path = residue_8.h; sourceTree = "<group>"; };
		62ED4EC1193757D300CF5BA8 /* setup_11.h */ = {isa = PBXFileReference; fileEncoding = 4; lastKnownFileType = sourcecode.c.h; path = setup_11.h; sourceTree = "<group>"; };
		62ED4EC2193757D300CF5BA8 /* setup_16.h */ = {isa = PBXFileReference; fileEncoding = 4; lastKnownFileType = sourcecode.c.h; path = setup_16.h; sourceTree = "<group>"; };
		62ED4EC3193757D300CF5BA8 /* setup_22.h */ = {isa = PBXFileReference; fileEncoding = 4; lastKnownFileType = sourcecode.c.h; path = setup_22.h; sourceTree = "<group>"; };
		62ED4EC4193757D300CF5BA8 /* setup_32.h */ = {isa = PBXFileReference; fileEncoding = 4; lastKnownFileType = sourcecode.c.h; path = setup_32.h; sourceTree = "<group>"; };
		62ED4EC5193757D300CF5BA8 /* setup_44.h */ = {isa = PBXFileReference; fileEncoding = 4; lastKnownFileType = sourcecode.c.h; path = setup_44.h; sourceTree = "<group>"; };
		62ED4EC6193757D300CF5BA8 /* setup_44p51.h */ = {isa = PBXFileReference; fileEncoding = 4; lastKnownFileType = sourcecode.c.h; path = setup_44p51.h; sourceTree = "<group>"; };
		62ED4EC7193757D300CF5BA8 /* setup_44u.h */ = {isa = PBXFileReference; fileEncoding = 4; lastKnownFileType = sourcecode.c.h; path = setup_44u.h; sourceTree = "<group>"; };
		62ED4EC8193757D300CF5BA8 /* setup_8.h */ = {isa = PBXFileReference; fileEncoding = 4; lastKnownFileType = sourcecode.c.h; path = setup_8.h; sourceTree = "<group>"; };
		62ED4EC9193757D300CF5BA8 /* setup_X.h */ = {isa = PBXFileReference; fileEncoding = 4; lastKnownFileType = sourcecode.c.h; path = setup_X.h; sourceTree = "<group>"; };
		62ED4ECA193757D300CF5BA8 /* os.h */ = {isa = PBXFileReference; fileEncoding = 4; lastKnownFileType = sourcecode.c.h; path = os.h; sourceTree = "<group>"; };
		62ED4ECB193757D300CF5BA8 /* psy.c */ = {isa = PBXFileReference; fileEncoding = 4; lastKnownFileType = sourcecode.c.c; path = psy.c; sourceTree = "<group>"; };
		62ED4ECC193757D300CF5BA8 /* psy.h */ = {isa = PBXFileReference; fileEncoding = 4; lastKnownFileType = sourcecode.c.h; path = psy.h; sourceTree = "<group>"; };
		62ED4ECE193757D300CF5BA8 /* registry.c */ = {isa = PBXFileReference; fileEncoding = 4; lastKnownFileType = sourcecode.c.c; path = registry.c; sourceTree = "<group>"; };
		62ED4ECF193757D300CF5BA8 /* registry.h */ = {isa = PBXFileReference; fileEncoding = 4; lastKnownFileType = sourcecode.c.h; path = registry.h; sourceTree = "<group>"; };
		62ED4ED0193757D300CF5BA8 /* res0.c */ = {isa = PBXFileReference; fileEncoding = 4; lastKnownFileType = sourcecode.c.c; path = res0.c; sourceTree = "<group>"; };
		62ED4ED1193757D300CF5BA8 /* scales.h */ = {isa = PBXFileReference; fileEncoding = 4; lastKnownFileType = sourcecode.c.h; path = scales.h; sourceTree = "<group>"; };
		62ED4ED2193757D300CF5BA8 /* sharedbook.c */ = {isa = PBXFileReference; fileEncoding = 4; lastKnownFileType = sourcecode.c.c; path = sharedbook.c; sourceTree = "<group>"; };
		62ED4ED3193757D300CF5BA8 /* smallft.c */ = {isa = PBXFileReference; fileEncoding = 4; lastKnownFileType = sourcecode.c.c; path = smallft.c; sourceTree = "<group>"; };
		62ED4ED4193757D300CF5BA8 /* smallft.h */ = {isa = PBXFileReference; fileEncoding = 4; lastKnownFileType = sourcecode.c.h; path = smallft.h; sourceTree = "<group>"; };
		62ED4ED5193757D300CF5BA8 /* synthesis.c */ = {isa = PBXFileReference; fileEncoding = 4; lastKnownFileType = sourcecode.c.c; path = synthesis.c; sourceTree = "<group>"; };
		62ED4ED6193757D300CF5BA8 /* tone.c */ = {isa = PBXFileReference; fileEncoding = 4; lastKnownFileType = sourcecode.c.c; path = tone.c; sourceTree = "<group>"; };
		62ED4ED7193757D300CF5BA8 /* vorbisenc.c */ = {isa = PBXFileReference; fileEncoding = 4; lastKnownFileType = sourcecode.c.c; path = vorbisenc.c; sourceTree = "<group>"; };
		62ED4ED8193757D300CF5BA8 /* vorbisfile.c */ = {isa = PBXFileReference; fileEncoding = 4; lastKnownFileType = sourcecode.c.c; path = vorbisfile.c; sourceTree = "<group>"; };
		62ED4ED9193757D300CF5BA8 /* window.c */ = {isa = PBXFileReference; fileEncoding = 4; lastKnownFileType = sourcecode.c.c; path = window.c; sourceTree = "<group>"; };
		62ED4EDA193757D300CF5BA8 /* window.h */ = {isa = PBXFileReference; fileEncoding = 4; lastKnownFileType = sourcecode.c.h; path = window.h; sourceTree = "<group>"; };
		62ED4EDB193757D300CF5BA8 /* README */ = {isa = PBXFileReference; fileEncoding = 4; lastKnownFileType = text; path = README; sourceTree = "<group>"; };
		62ED4EDC193757D300CF5BA8 /* todo.txt */ = {isa = PBXFileReference; fileEncoding = 4; lastKnownFileType = text; path = todo.txt; sourceTree = "<group>"; };
		62ED4F2419376BDB00CF5BA8 /* Android.mk */ = {isa = PBXFileReference; fileEncoding = 4; lastKnownFileType = text; path = Android.mk; sourceTree = "<group>"; };
		62ED4F2519376BDB00CF5BA8 /* AUTHORS */ = {isa = PBXFileReference; fileEncoding = 4; lastKnownFileType = text; path = AUTHORS; sourceTree = "<group>"; };
		62ED4F2619376BDB00CF5BA8 /* CHANGES */ = {isa = PBXFileReference; fileEncoding = 4; lastKnownFileType = text; path = CHANGES; sourceTree = "<group>"; };
		62ED4F2719376BDB00CF5BA8 /* COPYING */ = {isa = PBXFileReference; fileEncoding = 4; lastKnownFileType = text; path = COPYING; sourceTree = "<group>"; };
		62ED4F2919376BDB00CF5BA8 /* Makefile.am */ = {isa = PBXFileReference; fileEncoding = 4; lastKnownFileType = text; path = Makefile.am; sourceTree = "<group>"; };
		62ED4F2A19376BDB00CF5BA8 /* Makefile.in */ = {isa = PBXFileReference; fileEncoding = 4; lastKnownFileType = text; path = Makefile.in; sourceTree = "<group>"; };
		62ED4F2C19376BDB00CF5BA8 /* config_types.h */ = {isa = PBXFileReference; fileEncoding = 4; lastKnownFileType = sourcecode.c.h; path = config_types.h; sourceTree = "<group>"; };
		62ED4F2D19376BDB00CF5BA8 /* config_types.h.in */ = {isa = PBXFileReference; fileEncoding = 4; lastKnownFileType = text; path = config_types.h.in; sourceTree = "<group>"; };
		62ED4F2E19376BDB00CF5BA8 /* Makefile.am */ = {isa = PBXFileReference; fileEncoding = 4; lastKnownFileType = text; path = Makefile.am; sourceTree = "<group>"; };
		62ED4F2F19376BDB00CF5BA8 /* Makefile.in */ = {isa = PBXFileReference; fileEncoding = 4; lastKnownFileType = text; path = Makefile.in; sourceTree = "<group>"; };
		62ED4F3019376BDB00CF5BA8 /* ogg.h */ = {isa = PBXFileReference; fileEncoding = 4; lastKnownFileType = sourcecode.c.h; path = ogg.h; sourceTree = "<group>"; };
		62ED4F3119376BDB00CF5BA8 /* os_types.h */ = {isa = PBXFileReference; fileEncoding = 4; lastKnownFileType = sourcecode.c.h; path = os_types.h; sourceTree = "<group>"; };
		62ED4F3219376BDB00CF5BA8 /* README */ = {isa = PBXFileReference; fileEncoding = 4; lastKnownFileType = text; path = README; sourceTree = "<group>"; };
		62ED4F3419376BDB00CF5BA8 /* bitwise.c */ = {isa = PBXFileReference; fileEncoding = 4; lastKnownFileType = sourcecode.c.c; path = bitwise.c; sourceTree = "<group>"; };
		62ED4F3519376BDB00CF5BA8 /* framing.c */ = {isa = PBXFileReference; fileEncoding = 4; lastKnownFileType = sourcecode.c.c; path = framing.c; sourceTree = "<group>"; };
		62ED4F3619376BDB00CF5BA8 /* Makefile.am */ = {isa = PBXFileReference; fileEncoding = 4; lastKnownFileType = text; path = Makefile.am; sourceTree = "<group>"; };
		62ED4F3719376BDB00CF5BA8 /* Makefile.in */ = {isa = PBXFileReference; fileEncoding = 4; lastKnownFileType = text; path = Makefile.in; sourceTree = "<group>"; };
/* End PBXFileReference section */

/* Begin PBXFrameworksBuildPhase section */
		62ED4D8B193739AA00CF5BA8 /* Frameworks */ = {
			isa = PBXFrameworksBuildPhase;
			buildActionMask = 2147483647;
			files = (
				62ED4D92193739AA00CF5BA8 /* Foundation.framework in Frameworks */,
			);
			runOnlyForDeploymentPostprocessing = 0;
		};
/* End PBXFrameworksBuildPhase section */

/* Begin PBXGroup section */
		62ED4D85193739AA00CF5BA8 = {
			isa = PBXGroup;
			children = (
				62ED4F2319376BDB00CF5BA8 /* libogg */,
				62ED4E77193757D300CF5BA8 /* libvorbis */,
				62ED4D93193739AA00CF5BA8 /* vorbis */,
				62ED4D90193739AA00CF5BA8 /* Frameworks */,
				62ED4D8F193739AA00CF5BA8 /* Products */,
			);
			sourceTree = "<group>";
		};
		62ED4D8F193739AA00CF5BA8 /* Products */ = {
			isa = PBXGroup;
			children = (
				62ED4D8E193739AA00CF5BA8 /* libvorbis.a */,
			);
			name = Products;
			sourceTree = "<group>";
		};
		62ED4D90193739AA00CF5BA8 /* Frameworks */ = {
			isa = PBXGroup;
			children = (
				62ED4D91193739AA00CF5BA8 /* Foundation.framework */,
			);
			name = Frameworks;
			sourceTree = "<group>";
		};
		62ED4D93193739AA00CF5BA8 /* vorbis */ = {
			isa = PBXGroup;
			children = (
				62656BD9193F662C00F66F61 /* ErrorCodes.h */,
				62656BDA193F662C00F66F61 /* INativeInterface.h */,
				62656BDB193F662C00F66F61 /* VorbisDecoder.h */,
				62656BDC193F662C00F66F61 /* VorbisDecoder.m */,
			);
			path = vorbis;
			sourceTree = "<group>";
		};
		62ED4E77193757D300CF5BA8 /* libvorbis */ = {
			isa = PBXGroup;
			children = (
				62ED4E78193757D300CF5BA8 /* Android.mk */,
				62ED4E79193757D300CF5BA8 /* AUTHORS */,
				62ED4E7A193757D300CF5BA8 /* CHANGES */,
				62ED4E7B193757D300CF5BA8 /* COPYING */,
				62ED4E7C193757D300CF5BA8 /* include */,
				62ED4E85193757D300CF5BA8 /* lib */,
				62ED4EDB193757D300CF5BA8 /* README */,
				62ED4EDC193757D300CF5BA8 /* todo.txt */,
			);
			name = libvorbis;
			path = ../../libs_common/libvorbis;
			sourceTree = "<group>";
		};
		62ED4E7C193757D300CF5BA8 /* include */ = {
			isa = PBXGroup;
			children = (
				62ED4E7D193757D300CF5BA8 /* Makefile.am */,
				62ED4E7E193757D300CF5BA8 /* Makefile.in */,
				62ED4E7F193757D300CF5BA8 /* vorbis */,
			);
			path = include;
			sourceTree = "<group>";
		};
		62ED4E7F193757D300CF5BA8 /* vorbis */ = {
			isa = PBXGroup;
			children = (
				62ED4E80193757D300CF5BA8 /* codec.h */,
				62ED4E81193757D300CF5BA8 /* Makefile.am */,
				62ED4E82193757D300CF5BA8 /* Makefile.in */,
				62ED4E83193757D300CF5BA8 /* vorbisenc.h */,
				62ED4E84193757D300CF5BA8 /* vorbisfile.h */,
			);
			path = vorbis;
			sourceTree = "<group>";
		};
		62ED4E85193757D300CF5BA8 /* lib */ = {
			isa = PBXGroup;
			children = (
				62ED4E86193757D300CF5BA8 /* analysis.c */,
				62ED4E87193757D300CF5BA8 /* backends.h */,
				62ED4E88193757D300CF5BA8 /* barkmel.c */,
				62ED4E89193757D300CF5BA8 /* bitrate.c */,
				62ED4E8A193757D300CF5BA8 /* bitrate.h */,
				62ED4E8B193757D300CF5BA8 /* block.c */,
				62ED4E8C193757D300CF5BA8 /* books */,
				62ED4E9C193757D300CF5BA8 /* codebook.c */,
				62ED4E9D193757D300CF5BA8 /* codebook.h */,
				62ED4E9E193757D300CF5BA8 /* codec_internal.h */,
				62ED4E9F193757D300CF5BA8 /* envelope.c */,
				62ED4EA0193757D300CF5BA8 /* envelope.h */,
				62ED4EA1193757D300CF5BA8 /* floor0.c */,
				62ED4EA2193757D300CF5BA8 /* floor1.c */,
				62ED4EA3193757D300CF5BA8 /* highlevel.h */,
				62ED4EA4193757D300CF5BA8 /* info.c */,
				62ED4EA5193757D300CF5BA8 /* lookup.c */,
				62ED4EA6193757D300CF5BA8 /* lookup.h */,
				62ED4EA7193757D300CF5BA8 /* lookup_data.h */,
				62ED4EA8193757D300CF5BA8 /* lookups.pl */,
				62ED4EA9193757D300CF5BA8 /* lpc.c */,
				62ED4EAA193757D300CF5BA8 /* lpc.h */,
				62ED4EAB193757D300CF5BA8 /* lsp.c */,
				62ED4EAC193757D300CF5BA8 /* lsp.h */,
				62ED4EAD193757D300CF5BA8 /* Makefile.am */,
				62ED4EAE193757D300CF5BA8 /* Makefile.in */,
				62ED4EAF193757D300CF5BA8 /* mapping0.c */,
				62ED4EB0193757D300CF5BA8 /* masking.h */,
				62ED4EB1193757D300CF5BA8 /* mdct.c */,
				62ED4EB2193757D300CF5BA8 /* mdct.h */,
				62ED4EB3193757D300CF5BA8 /* misc.h */,
				62ED4EB4193757D300CF5BA8 /* modes */,
				62ED4ECA193757D300CF5BA8 /* os.h */,
				62ED4ECB193757D300CF5BA8 /* psy.c */,
				62ED4ECC193757D300CF5BA8 /* psy.h */,
				62ED4ECE193757D300CF5BA8 /* registry.c */,
				62ED4ECF193757D300CF5BA8 /* registry.h */,
				62ED4ED0193757D300CF5BA8 /* res0.c */,
				62ED4ED1193757D300CF5BA8 /* scales.h */,
				62ED4ED2193757D300CF5BA8 /* sharedbook.c */,
				62ED4ED3193757D300CF5BA8 /* smallft.c */,
				62ED4ED4193757D300CF5BA8 /* smallft.h */,
				62ED4ED5193757D300CF5BA8 /* synthesis.c */,
				62ED4ED6193757D300CF5BA8 /* tone.c */,
				62ED4ED7193757D300CF5BA8 /* vorbisenc.c */,
				62ED4ED8193757D300CF5BA8 /* vorbisfile.c */,
				62ED4ED9193757D300CF5BA8 /* window.c */,
				62ED4EDA193757D300CF5BA8 /* window.h */,
			);
			path = lib;
			sourceTree = "<group>";
		};
		62ED4E8C193757D300CF5BA8 /* books */ = {
			isa = PBXGroup;
			children = (
				62ED4E8D193757D300CF5BA8 /* coupled */,
				62ED4E92193757D300CF5BA8 /* floor */,
				62ED4E96193757D300CF5BA8 /* Makefile.am */,
				62ED4E97193757D300CF5BA8 /* Makefile.in */,
				62ED4E98193757D300CF5BA8 /* uncoupled */,
			);
			path = books;
			sourceTree = "<group>";
		};
		62ED4E8D193757D300CF5BA8 /* coupled */ = {
			isa = PBXGroup;
			children = (
				62ED4E8E193757D300CF5BA8 /* Makefile.am */,
				62ED4E8F193757D300CF5BA8 /* Makefile.in */,
				62ED4E90193757D300CF5BA8 /* res_books_51.h */,
				62ED4E91193757D300CF5BA8 /* res_books_stereo.h */,
			);
			path = coupled;
			sourceTree = "<group>";
		};
		62ED4E92193757D300CF5BA8 /* floor */ = {
			isa = PBXGroup;
			children = (
				62ED4E93193757D300CF5BA8 /* floor_books.h */,
				62ED4E94193757D300CF5BA8 /* Makefile.am */,
				62ED4E95193757D300CF5BA8 /* Makefile.in */,
			);
			path = floor;
			sourceTree = "<group>";
		};
		62ED4E98193757D300CF5BA8 /* uncoupled */ = {
			isa = PBXGroup;
			children = (
				62ED4E99193757D300CF5BA8 /* Makefile.am */,
				62ED4E9A193757D300CF5BA8 /* Makefile.in */,
				62ED4E9B193757D300CF5BA8 /* res_books_uncoupled.h */,
			);
			path = uncoupled;
			sourceTree = "<group>";
		};
		62ED4EB4193757D300CF5BA8 /* modes */ = {
			isa = PBXGroup;
			children = (
				62ED4EB5193757D300CF5BA8 /* floor_all.h */,
				62ED4EB6193757D300CF5BA8 /* Makefile.am */,
				62ED4EB7193757D300CF5BA8 /* Makefile.in */,
				62ED4EB8193757D300CF5BA8 /* psych_11.h */,
				62ED4EB9193757D300CF5BA8 /* psych_16.h */,
				62ED4EBA193757D300CF5BA8 /* psych_44.h */,
				62ED4EBB193757D300CF5BA8 /* psych_8.h */,
				62ED4EBC193757D300CF5BA8 /* residue_16.h */,
				62ED4EBD193757D300CF5BA8 /* residue_44.h */,
				62ED4EBE193757D300CF5BA8 /* residue_44p51.h */,
				62ED4EBF193757D300CF5BA8 /* residue_44u.h */,
				62ED4EC0193757D300CF5BA8 /* residue_8.h */,
				62ED4EC1193757D300CF5BA8 /* setup_11.h */,
				62ED4EC2193757D300CF5BA8 /* setup_16.h */,
				62ED4EC3193757D300CF5BA8 /* setup_22.h */,
				62ED4EC4193757D300CF5BA8 /* setup_32.h */,
				62ED4EC5193757D300CF5BA8 /* setup_44.h */,
				62ED4EC6193757D300CF5BA8 /* setup_44p51.h */,
				62ED4EC7193757D300CF5BA8 /* setup_44u.h */,
				62ED4EC8193757D300CF5BA8 /* setup_8.h */,
				62ED4EC9193757D300CF5BA8 /* setup_X.h */,
			);
			path = modes;
			sourceTree = "<group>";
		};
		62ED4F2319376BDB00CF5BA8 /* libogg */ = {
			isa = PBXGroup;
			children = (
				62ED4F2419376BDB00CF5BA8 /* Android.mk */,
				62ED4F2519376BDB00CF5BA8 /* AUTHORS */,
				62ED4F2619376BDB00CF5BA8 /* CHANGES */,
				62ED4F2719376BDB00CF5BA8 /* COPYING */,
				62ED4F2819376BDB00CF5BA8 /* include */,
				62ED4F3219376BDB00CF5BA8 /* README */,
				62ED4F3319376BDB00CF5BA8 /* src */,
			);
			name = libogg;
			path = ../../libs_common/libogg;
			sourceTree = "<group>";
		};
		62ED4F2819376BDB00CF5BA8 /* include */ = {
			isa = PBXGroup;
			children = (
				62ED4F2919376BDB00CF5BA8 /* Makefile.am */,
				62ED4F2A19376BDB00CF5BA8 /* Makefile.in */,
				62ED4F2B19376BDB00CF5BA8 /* ogg */,
			);
			path = include;
			sourceTree = "<group>";
		};
		62ED4F2B19376BDB00CF5BA8 /* ogg */ = {
			isa = PBXGroup;
			children = (
				62ED4F2C19376BDB00CF5BA8 /* config_types.h */,
				62ED4F2D19376BDB00CF5BA8 /* config_types.h.in */,
				62ED4F2E19376BDB00CF5BA8 /* Makefile.am */,
				62ED4F2F19376BDB00CF5BA8 /* Makefile.in */,
				62ED4F3019376BDB00CF5BA8 /* ogg.h */,
				62ED4F3119376BDB00CF5BA8 /* os_types.h */,
			);
			path = ogg;
			sourceTree = "<group>";
		};
		62ED4F3319376BDB00CF5BA8 /* src */ = {
			isa = PBXGroup;
			children = (
				62ED4F3419376BDB00CF5BA8 /* bitwise.c */,
				62ED4F3519376BDB00CF5BA8 /* framing.c */,
				62ED4F3619376BDB00CF5BA8 /* Makefile.am */,
				62ED4F3719376BDB00CF5BA8 /* Makefile.in */,
			);
			path = src;
			sourceTree = "<group>";
		};
/* End PBXGroup section */

/* Begin PBXNativeTarget section */
		62ED4D8D193739AA00CF5BA8 /* libvorbis */ = {
			isa = PBXNativeTarget;
			buildConfigurationList = 62ED4DB1193739AB00CF5BA8 /* Build configuration list for PBXNativeTarget "libvorbis" */;
			buildPhases = (
				62ED4D8A193739AA00CF5BA8 /* Sources */,
				62ED4D8B193739AA00CF5BA8 /* Frameworks */,
			);
			buildRules = (
			);
			dependencies = (
			);
			name = libvorbis;
			productName = vorbis;
			productReference = 62ED4D8E193739AA00CF5BA8 /* libvorbis.a */;
			productType = "com.apple.product-type.library.static";
		};
/* End PBXNativeTarget section */

/* Begin PBXProject section */
		62ED4D86193739AA00CF5BA8 /* Project object */ = {
			isa = PBXProject;
			attributes = {
				LastUpgradeCheck = 0510;
				ORGANIZATIONNAME = AudioNowDigital;
			};
			buildConfigurationList = 62ED4D89193739AA00CF5BA8 /* Build configuration list for PBXProject "libvorbis" */;
			compatibilityVersion = "Xcode 3.2";
			developmentRegion = English;
			hasScannedForEncodings = 0;
			knownRegions = (
				en,
			);
			mainGroup = 62ED4D85193739AA00CF5BA8;
			productRefGroup = 62ED4D8F193739AA00CF5BA8 /* Products */;
			projectDirPath = "";
			projectRoot = "";
			targets = (
				62ED4D8D193739AA00CF5BA8 /* libvorbis */,
				62656BCF193F45E000F66F61 /* BuildLipoVorbis */,
			);
		};
/* End PBXProject section */

/* Begin PBXShellScriptBuildPhase section */
		62656BD3193F45E700F66F61 /* ShellScript */ = {
			isa = PBXShellScriptBuildPhase;
			buildActionMask = 2147483647;
			files = (
			);
			inputPaths = (
			);
			outputPaths = (
			);
			runOnlyForDeploymentPostprocessing = 0;
			shellPath = /bin/sh;
			shellScript = "# define output folder environment variable\nUNIVERSAL_OUTPUTFOLDER=${BUILD_DIR}/BuildLipoVorbis\n\necho Starting to build ---------------------------\n# Step 1. Build Device and Simulator versions\nxcodebuild -target libvorbis ONLY_ACTIVE_ARCH=NO -configuration ${CONFIGURATION} -sdk iphoneos  BUILD_DIR=\"${BUILD_DIR}\" BUILD_ROOT=\"${BUILD_ROOT}\"\nxcodebuild -target libvorbis ONLY_ACTIVE_ARCH=NO -configuration ${CONFIGURATION} -sdk iphonesimulator BUILD_DIR=\"${BUILD_DIR}\" BUILD_ROOT=\"${BUILD_ROOT}\"\n\n# make sure the output directory exists\nmkdir -p \"${UNIVERSAL_OUTPUTFOLDER}\"\n\necho Doing lipo ---------------------------\n# Step 2. Create universal binary file using lipo\nlipo -create -output \"${UNIVERSAL_OUTPUTFOLDER}/libvorbis.a\" \"${BUILD_DIR}/${CONFIGURATION}-iphoneos/libvorbis.a\" \"${BUILD_DIR}/${CONFIGURATION}-iphonesimulator/libvorbis.a\"\n\necho Copy result ---------------------------\nmkdir -p \"${PROJECT_DIR}/../openplayer/libs/libvorbis\"\ncp \"${UNIVERSAL_OUTPUTFOLDER}/libvorbis.a\" \"${PROJECT_DIR}/../openplayer/libs/libvorbis/\"\n\n# Last touch. copy the header files. Just for convenience\n#cp -R \"${BUILD_DIR}/${CONFIGURATION}-iphoneos/usr/local/include\" \"${UNIVERSAL_OUTPUTFOLDER}/\"\n";
		};
/* End PBXShellScriptBuildPhase section */

/* Begin PBXSourcesBuildPhase section */
		62ED4D8A193739AA00CF5BA8 /* Sources */ = {
			isa = PBXSourcesBuildPhase;
			buildActionMask = 2147483647;
			files = (
				62ED4EE5193757D300CF5BA8 /* block.c in Sources */,
				62ED4EEA193757D300CF5BA8 /* codebook.c in Sources */,
				62ED4F13193757D400CF5BA8 /* psy.c in Sources */,
				62ED4EE2193757D300CF5BA8 /* barkmel.c in Sources */,
				62ED4EEF193757D300CF5BA8 /* floor0.c in Sources */,
				62ED4EF0193757D300CF5BA8 /* floor1.c in Sources */,
				62ED4F1F193757D500CF5BA8 /* vorbisenc.c in Sources */,
				62ED4EFC193757D300CF5BA8 /* mdct.c in Sources */,
				62ED4EFA193757D300CF5BA8 /* mapping0.c in Sources */,
				62ED4EF2193757D300CF5BA8 /* info.c in Sources */,
				62ED4F1B193757D500CF5BA8 /* smallft.c in Sources */,
				62ED4EE3193757D300CF5BA8 /* bitrate.c in Sources */,
				62ED4F1A193757D500CF5BA8 /* sharedbook.c in Sources */,
				62ED4F18193757D500CF5BA8 /* res0.c in Sources */,
				62ED4F1E193757D500CF5BA8 /* tone.c in Sources */,
				62ED4EED193757D300CF5BA8 /* envelope.c in Sources */,
				62ED4F1D193757D500CF5BA8 /* synthesis.c in Sources */,
				62656BDD193F662C00F66F61 /* VorbisDecoder.m in Sources */,
				62ED4EF6193757D300CF5BA8 /* lpc.c in Sources */,
				62ED4F16193757D400CF5BA8 /* registry.c in Sources */,
				62ED4EF8193757D300CF5BA8 /* lsp.c in Sources */,
				62ED4EF3193757D300CF5BA8 /* lookup.c in Sources */,
				62ED4F21193757D500CF5BA8 /* window.c in Sources */,
				62ED4F3C19376BDB00CF5BA8 /* framing.c in Sources */,
				62ED4F3B19376BDB00CF5BA8 /* bitwise.c in Sources */,
				62ED4EE0193757D300CF5BA8 /* analysis.c in Sources */,
				62ED4F20193757D500CF5BA8 /* vorbisfile.c in Sources */,
			);
			runOnlyForDeploymentPostprocessing = 0;
		};
/* End PBXSourcesBuildPhase section */

/* Begin XCBuildConfiguration section */
		62656BD1193F45E000F66F61 /* Debug */ = {
			isa = XCBuildConfiguration;
			buildSettings = {
				ARCHS = (
					"$(ARCHS_STANDARD)",
					armv7s,
				);
				HEADER_SEARCH_PATHS = (
					"$(inherited)",
					/Applications/Xcode.app/Contents/Developer/Toolchains/XcodeDefault.xctoolchain/usr/include,
					../../libs_common/libogg/include,
					../../libs_common/libvorbis/include,
				);
				ONLY_ACTIVE_ARCH = NO;
				PRODUCT_NAME = "$(TARGET_NAME)";
				VALID_ARCHS = "arm64 armv7 armv7s i386 x86_64";
			};
			name = Debug;
		};
		62656BD2193F45E000F66F61 /* Release */ = {
			isa = XCBuildConfiguration;
			buildSettings = {
				ARCHS = (
					"$(ARCHS_STANDARD)",
					armv7s,
				);
				HEADER_SEARCH_PATHS = (
					"$(inherited)",
					/Applications/Xcode.app/Contents/Developer/Toolchains/XcodeDefault.xctoolchain/usr/include,
					../../libs_common/libogg/include,
					../../libs_common/libvorbis/include,
				);
				ONLY_ACTIVE_ARCH = NO;
				PRODUCT_NAME = "$(TARGET_NAME)";
				VALID_ARCHS = "arm64 armv7 armv7s i386 x86_64";
			};
			name = Release;
		};
		62ED4DAF193739AB00CF5BA8 /* Debug */ = {
			isa = XCBuildConfiguration;
			buildSettings = {
				ALWAYS_SEARCH_USER_PATHS = NO;
				CLANG_CXX_LANGUAGE_STANDARD = "gnu++0x";
				CLANG_CXX_LIBRARY = "libc++";
				CLANG_ENABLE_MODULES = YES;
				CLANG_ENABLE_OBJC_ARC = YES;
				CLANG_WARN_BOOL_CONVERSION = YES;
				CLANG_WARN_CONSTANT_CONVERSION = YES;
				CLANG_WARN_DIRECT_OBJC_ISA_USAGE = YES_ERROR;
				CLANG_WARN_EMPTY_BODY = YES;
				CLANG_WARN_ENUM_CONVERSION = YES;
				CLANG_WARN_INT_CONVERSION = YES;
				CLANG_WARN_OBJC_ROOT_CLASS = YES_ERROR;
				CLANG_WARN__DUPLICATE_METHOD_MATCH = YES;
				COPY_PHASE_STRIP = NO;
				GCC_C_LANGUAGE_STANDARD = gnu99;
				GCC_DYNAMIC_NO_PIC = NO;
				GCC_OPTIMIZATION_LEVEL = 0;
				GCC_PREPROCESSOR_DEFINITIONS = (
					"DEBUG=1",
					"$(inherited)",
				);
				GCC_SYMBOLS_PRIVATE_EXTERN = NO;
				GCC_WARN_64_TO_32_BIT_CONVERSION = YES;
				GCC_WARN_ABOUT_RETURN_TYPE = YES_ERROR;
				GCC_WARN_UNDECLARED_SELECTOR = YES;
				GCC_WARN_UNINITIALIZED_AUTOS = YES_AGGRESSIVE;
				GCC_WARN_UNUSED_FUNCTION = YES;
				GCC_WARN_UNUSED_VARIABLE = YES;
				IPHONEOS_DEPLOYMENT_TARGET = 7.1;
				ONLY_ACTIVE_ARCH = NO;
				SDKROOT = iphoneos;
			};
			name = Debug;
		};
		62ED4DB0193739AB00CF5BA8 /* Release */ = {
			isa = XCBuildConfiguration;
			buildSettings = {
				ALWAYS_SEARCH_USER_PATHS = NO;
				CLANG_CXX_LANGUAGE_STANDARD = "gnu++0x";
				CLANG_CXX_LIBRARY = "libc++";
				CLANG_ENABLE_MODULES = YES;
				CLANG_ENABLE_OBJC_ARC = YES;
				CLANG_WARN_BOOL_CONVERSION = YES;
				CLANG_WARN_CONSTANT_CONVERSION = YES;
				CLANG_WARN_DIRECT_OBJC_ISA_USAGE = YES_ERROR;
				CLANG_WARN_EMPTY_BODY = YES;
				CLANG_WARN_ENUM_CONVERSION = YES;
				CLANG_WARN_INT_CONVERSION = YES;
				CLANG_WARN_OBJC_ROOT_CLASS = YES_ERROR;
				CLANG_WARN__DUPLICATE_METHOD_MATCH = YES;
				COPY_PHASE_STRIP = YES;
				ENABLE_NS_ASSERTIONS = NO;
				GCC_C_LANGUAGE_STANDARD = gnu99;
				GCC_WARN_64_TO_32_BIT_CONVERSION = YES;
				GCC_WARN_ABOUT_RETURN_TYPE = YES_ERROR;
				GCC_WARN_UNDECLARED_SELECTOR = YES;
				GCC_WARN_UNINITIALIZED_AUTOS = YES_AGGRESSIVE;
				GCC_WARN_UNUSED_FUNCTION = YES;
				GCC_WARN_UNUSED_VARIABLE = YES;
				HEADER_SEARCH_PATHS = (
					"$(inherited)",
					/Applications/Xcode.app/Contents/Developer/Toolchains/XcodeDefault.xctoolchain/usr/include,
					/Users/radhoo/Work/audionow/libs_common/libvorbis/lib,
					/Users/radhoo/Work/audionow/libs_common/libvorbis/include,
					/Users/radhoo/Work/audionow/libs_common/libogg/include,
				);
				IPHONEOS_DEPLOYMENT_TARGET = 7.1;
				ONLY_ACTIVE_ARCH = NO;
				SDKROOT = iphoneos;
				VALIDATE_PRODUCT = YES;
			};
			name = Release;
		};
		62ED4DB2193739AB00CF5BA8 /* Debug */ = {
			isa = XCBuildConfiguration;
			buildSettings = {
				ARCHS = (
					"$(ARCHS_STANDARD)",
					armv7s,
				);
				DSTROOT = /tmp/vorbis.dst;
				HEADER_SEARCH_PATHS = (
					"$(inherited)",
					/Applications/Xcode.app/Contents/Developer/Toolchains/XcodeDefault.xctoolchain/usr/include,
					../../libs_common/libogg/include,
					../../libs_common/libvorbis/include,
					../../libs_common/libvorbis/lib,
				);
				ONLY_ACTIVE_ARCH = NO;
				OTHER_LDFLAGS = "-ObjC";
				PRODUCT_NAME = vorbis;
				SKIP_INSTALL = YES;
				VALID_ARCHS = "arm64 armv7 armv7s i386 x86_64";
			};
			name = Debug;
		};
		62ED4DB3193739AB00CF5BA8 /* Release */ = {
			isa = XCBuildConfiguration;
			buildSettings = {
				ARCHS = (
					"$(ARCHS_STANDARD)",
					armv7s,
				);
				DSTROOT = /tmp/vorbis.dst;
				HEADER_SEARCH_PATHS = (
					"$(inherited)",
					/Applications/Xcode.app/Contents/Developer/Toolchains/XcodeDefault.xctoolchain/usr/include,
					../../libs_common/libvorbis/include,
					../../libs_common/libogg/include,
					../../libs_common/libvorbis/lib,
				);
				"INFOPLIST_PREFIX_HEADER[sdk=*]" = "";
				ONLY_ACTIVE_ARCH = NO;
				OTHER_LDFLAGS = "-ObjC";
				PRODUCT_NAME = vorbis;
				SKIP_INSTALL = YES;
				VALID_ARCHS = "arm64 armv7 armv7s i386 x86_64";
			};
			name = Release;
		};
/* End XCBuildConfiguration section */

/* Begin XCConfigurationList section */
		62656BD0193F45E000F66F61 /* Build configuration list for PBXAggregateTarget "BuildLipoVorbis" */ = {
			isa = XCConfigurationList;
			buildConfigurations = (
				62656BD1193F45E000F66F61 /* Debug */,
				62656BD2193F45E000F66F61 /* Release */,
			);
			defaultConfigurationIsVisible = 0;
			defaultConfigurationName = Release;
		};
		62ED4D89193739AA00CF5BA8 /* Build configuration list for PBXProject "libvorbis" */ = {
			isa = XCConfigurationList;
			buildConfigurations = (
				62ED4DAF193739AB00CF5BA8 /* Debug */,
				62ED4DB0193739AB00CF5BA8 /* Release */,
			);
			defaultConfigurationIsVisible = 0;
			defaultConfigurationName = Release;
		};
		62ED4DB1193739AB00CF5BA8 /* Build configuration list for PBXNativeTarget "libvorbis" */ = {
			isa = XCConfigurationList;
			buildConfigurations = (
				62ED4DB2193739AB00CF5BA8 /* Debug */,
				62ED4DB3193739AB00CF5BA8 /* Release */,
			);
			defaultConfigurationIsVisible = 0;
			defaultConfigurationName = Release;
		};
/* End XCConfigurationList section */
	};
	rootObject = 62ED4D86193739AA00CF5BA8 /* Project object */;
}
