// !$*UTF8*$!
{
	archiveVersion = 1;
	classes = {
	};
	objectVersion = 46;
	objects = {

/* Begin PBXBuildFile section */
		EB192D9219362A0100FDECBE /* NSStreamAdditions.m in Sources */ = {isa = PBXBuildFile; fileRef = EB192D9119362A0100FDECBE /* NSStreamAdditions.m */; };
		EB6D8896193730C80019D8D3 /* SecondController.m in Sources */ = {isa = PBXBuildFile; fileRef = EB6D8895193730C80019D8D3 /* SecondController.m */; };
		EB6D889B193763F60019D8D3 /* StreamConnection.m in Sources */ = {isa = PBXBuildFile; fileRef = EB6D889A193763F60019D8D3 /* StreamConnection.m */; };
		EB9211E7193DC227001CADD9 /* CoreAudio.framework in Frameworks */ = {isa = PBXBuildFile; fileRef = EB9211E1193DC14A001CADD9 /* CoreAudio.framework */; };
		EB9A4E8B193490650037F954 /* Foundation.framework in Frameworks */ = {isa = PBXBuildFile; fileRef = EB9A4E8A193490650037F954 /* Foundation.framework */; };
		EB9A4E8D193490650037F954 /* CoreGraphics.framework in Frameworks */ = {isa = PBXBuildFile; fileRef = EB9A4E8C193490650037F954 /* CoreGraphics.framework */; };
		EB9A4E8F193490650037F954 /* UIKit.framework in Frameworks */ = {isa = PBXBuildFile; fileRef = EB9A4E8E193490650037F954 /* UIKit.framework */; };
		EB9A4E95193490650037F954 /* InfoPlist.strings in Resources */ = {isa = PBXBuildFile; fileRef = EB9A4E93193490650037F954 /* InfoPlist.strings */; };
		EB9A4E97193490650037F954 /* main.m in Sources */ = {isa = PBXBuildFile; fileRef = EB9A4E96193490650037F954 /* main.m */; };
		EB9A4E9B193490650037F954 /* AppDelegate.m in Sources */ = {isa = PBXBuildFile; fileRef = EB9A4E9A193490650037F954 /* AppDelegate.m */; };
		EB9A4E9E193490650037F954 /* Main.storyboard in Resources */ = {isa = PBXBuildFile; fileRef = EB9A4E9C193490650037F954 /* Main.storyboard */; };
		EB9A4EA1193490650037F954 /* ViewController.m in Sources */ = {isa = PBXBuildFile; fileRef = EB9A4EA0193490650037F954 /* ViewController.m */; };
		EB9A4EA3193490650037F954 /* Images.xcassets in Resources */ = {isa = PBXBuildFile; fileRef = EB9A4EA2193490650037F954 /* Images.xcassets */; };
		EB9A4EAA193490650037F954 /* XCTest.framework in Frameworks */ = {isa = PBXBuildFile; fileRef = EB9A4EA9193490650037F954 /* XCTest.framework */; };
		EB9A4EAB193490650037F954 /* Foundation.framework in Frameworks */ = {isa = PBXBuildFile; fileRef = EB9A4E8A193490650037F954 /* Foundation.framework */; };
		EB9A4EAC193490650037F954 /* UIKit.framework in Frameworks */ = {isa = PBXBuildFile; fileRef = EB9A4E8E193490650037F954 /* UIKit.framework */; };
		EB9A4EB4193490650037F954 /* InfoPlist.strings in Resources */ = {isa = PBXBuildFile; fileRef = EB9A4EB2193490650037F954 /* InfoPlist.strings */; };
		EB9A4EB6193490650037F954 /* Open_PlayerTests.m in Sources */ = {isa = PBXBuildFile; fileRef = EB9A4EB5193490650037F954 /* Open_PlayerTests.m */; };
/* End PBXBuildFile section */

/* Begin PBXContainerItemProxy section */
		EB9A4EAD193490650037F954 /* PBXContainerItemProxy */ = {
			isa = PBXContainerItemProxy;
			containerPortal = EB9A4E7F193490650037F954 /* Project object */;
			proxyType = 1;
			remoteGlobalIDString = EB9A4E86193490650037F954;
			remoteInfo = "Open Player";
		};
/* End PBXContainerItemProxy section */

/* Begin PBXFileReference section */
		EB192D9019362A0100FDECBE /* NSStreamAdditions.h */ = {isa = PBXFileReference; fileEncoding = 4; lastKnownFileType = sourcecode.c.h; path = NSStreamAdditions.h; sourceTree = "<group>"; };
		EB192D9119362A0100FDECBE /* NSStreamAdditions.m */ = {isa = PBXFileReference; fileEncoding = 4; lastKnownFileType = sourcecode.c.objc; path = NSStreamAdditions.m; sourceTree = "<group>"; };
		EB6D8894193730C80019D8D3 /* SecondController.h */ = {isa = PBXFileReference; fileEncoding = 4; lastKnownFileType = sourcecode.c.h; path = SecondController.h; sourceTree = "<group>"; };
		EB6D8895193730C80019D8D3 /* SecondController.m */ = {isa = PBXFileReference; fileEncoding = 4; lastKnownFileType = sourcecode.c.objc; path = SecondController.m; sourceTree = "<group>"; };
		EB6D889719374B590019D8D3 /* Charles.bin */ = {isa = PBXFileReference; lastKnownFileType = archive.macbinary; path = Charles.bin; sourceTree = "<group>"; };
		EB6D8899193763F60019D8D3 /* StreamConnection.h */ = {isa = PBXFileReference; fileEncoding = 4; lastKnownFileType = sourcecode.c.h; path = StreamConnection.h; sourceTree = "<group>"; };
		EB6D889A193763F60019D8D3 /* StreamConnection.m */ = {isa = PBXFileReference; fileEncoding = 4; lastKnownFileType = sourcecode.c.objc; path = StreamConnection.m; sourceTree = "<group>"; };
		EB9211E1193DC14A001CADD9 /* CoreAudio.framework */ = {isa = PBXFileReference; lastKnownFileType = wrapper.framework; name = CoreAudio.framework; path = System/Library/Frameworks/CoreAudio.framework; sourceTree = SDKROOT; };
		EB9211E3193DC1E8001CADD9 /* AudioToolbox.framework */ = {isa = PBXFileReference; lastKnownFileType = wrapper.framework; name = AudioToolbox.framework; path = System/Library/Frameworks/AudioToolbox.framework; sourceTree = SDKROOT; };
		EB9211E5193DC1F5001CADD9 /* AudioUnit.framework */ = {isa = PBXFileReference; lastKnownFileType = wrapper.framework; name = AudioUnit.framework; path = System/Library/Frameworks/AudioUnit.framework; sourceTree = SDKROOT; };
		EB9A4E87193490650037F954 /* Open Player.app */ = {isa = PBXFileReference; explicitFileType = wrapper.application; includeInIndex = 0; path = "Open Player.app"; sourceTree = BUILT_PRODUCTS_DIR; };
		EB9A4E8A193490650037F954 /* Foundation.framework */ = {isa = PBXFileReference; lastKnownFileType = wrapper.framework; name = Foundation.framework; path = System/Library/Frameworks/Foundation.framework; sourceTree = SDKROOT; };
		EB9A4E8C193490650037F954 /* CoreGraphics.framework */ = {isa = PBXFileReference; lastKnownFileType = wrapper.framework; name = CoreGraphics.framework; path = System/Library/Frameworks/CoreGraphics.framework; sourceTree = SDKROOT; };
		EB9A4E8E193490650037F954 /* UIKit.framework */ = {isa = PBXFileReference; lastKnownFileType = wrapper.framework; name = UIKit.framework; path = System/Library/Frameworks/UIKit.framework; sourceTree = SDKROOT; };
		EB9A4E92193490650037F954 /* Open Player-Info.plist */ = {isa = PBXFileReference; lastKnownFileType = text.plist.xml; path = "Open Player-Info.plist"; sourceTree = "<group>"; };
		EB9A4E94193490650037F954 /* en */ = {isa = PBXFileReference; lastKnownFileType = text.plist.strings; name = en; path = en.lproj/InfoPlist.strings; sourceTree = "<group>"; };
		EB9A4E96193490650037F954 /* main.m */ = {isa = PBXFileReference; lastKnownFileType = sourcecode.c.objc; path = main.m; sourceTree = "<group>"; };
		EB9A4E99193490650037F954 /* AppDelegate.h */ = {isa = PBXFileReference; lastKnownFileType = sourcecode.c.h; path = AppDelegate.h; sourceTree = "<group>"; };
		EB9A4E9A193490650037F954 /* AppDelegate.m */ = {isa = PBXFileReference; lastKnownFileType = sourcecode.c.objc; path = AppDelegate.m; sourceTree = "<group>"; };
		EB9A4E9D193490650037F954 /* Base */ = {isa = PBXFileReference; lastKnownFileType = file.storyboard; name = Base; path = Base.lproj/Main.storyboard; sourceTree = "<group>"; };
		EB9A4E9F193490650037F954 /* ViewController.h */ = {isa = PBXFileReference; lastKnownFileType = sourcecode.c.h; path = ViewController.h; sourceTree = "<group>"; };
		EB9A4EA0193490650037F954 /* ViewController.m */ = {isa = PBXFileReference; lastKnownFileType = sourcecode.c.objc; path = ViewController.m; sourceTree = "<group>"; };
		EB9A4EA2193490650037F954 /* Images.xcassets */ = {isa = PBXFileReference; lastKnownFileType = folder.assetcatalog; path = Images.xcassets; sourceTree = "<group>"; };
		EB9A4EA8193490650037F954 /* Open PlayerTests.xctest */ = {isa = PBXFileReference; explicitFileType = wrapper.cfbundle; includeInIndex = 0; path = "Open PlayerTests.xctest"; sourceTree = BUILT_PRODUCTS_DIR; };
		EB9A4EA9193490650037F954 /* XCTest.framework */ = {isa = PBXFileReference; lastKnownFileType = wrapper.framework; name = XCTest.framework; path = Library/Frameworks/XCTest.framework; sourceTree = DEVELOPER_DIR; };
		EB9A4EB1193490650037F954 /* Open PlayerTests-Info.plist */ = {isa = PBXFileReference; lastKnownFileType = text.plist.xml; path = "Open PlayerTests-Info.plist"; sourceTree = "<group>"; };
		EB9A4EB3193490650037F954 /* en */ = {isa = PBXFileReference; lastKnownFileType = text.plist.strings; name = en; path = en.lproj/InfoPlist.strings; sourceTree = "<group>"; };
		EB9A4EB5193490650037F954 /* Open_PlayerTests.m */ = {isa = PBXFileReference; lastKnownFileType = sourcecode.c.objc; path = Open_PlayerTests.m; sourceTree = "<group>"; };
/* End PBXFileReference section */

/* Begin PBXFrameworksBuildPhase section */
		EB9A4E84193490650037F954 /* Frameworks */ = {
			isa = PBXFrameworksBuildPhase;
			buildActionMask = 2147483647;
			files = (
				EB9211E7193DC227001CADD9 /* CoreAudio.framework in Frameworks */,
				EB9A4E8D193490650037F954 /* CoreGraphics.framework in Frameworks */,
				EB9A4E8F193490650037F954 /* UIKit.framework in Frameworks */,
				EB9A4E8B193490650037F954 /* Foundation.framework in Frameworks */,
			);
			runOnlyForDeploymentPostprocessing = 0;
		};
		EB9A4EA5193490650037F954 /* Frameworks */ = {
			isa = PBXFrameworksBuildPhase;
			buildActionMask = 2147483647;
			files = (
				EB9A4EAA193490650037F954 /* XCTest.framework in Frameworks */,
				EB9A4EAC193490650037F954 /* UIKit.framework in Frameworks */,
				EB9A4EAB193490650037F954 /* Foundation.framework in Frameworks */,
			);
			runOnlyForDeploymentPostprocessing = 0;
		};
/* End PBXFrameworksBuildPhase section */

/* Begin PBXGroup section */
		EB6D889819374F7C0019D8D3 /* Resources */ = {
			isa = PBXGroup;
			children = (
				EB6D889719374B590019D8D3 /* Charles.bin */,
			);
			name = Resources;
			sourceTree = "<group>";
		};
		EB9A4E7E193490650037F954 = {
			isa = PBXGroup;
			children = (
				EB9A4E90193490650037F954 /* Open Player */,
				EB9A4EAF193490650037F954 /* Open PlayerTests */,
				EB9A4E89193490650037F954 /* Frameworks */,
				EB9A4E88193490650037F954 /* Products */,
			);
			sourceTree = "<group>";
		};
		EB9A4E88193490650037F954 /* Products */ = {
			isa = PBXGroup;
			children = (
				EB9A4E87193490650037F954 /* Open Player.app */,
				EB9A4EA8193490650037F954 /* Open PlayerTests.xctest */,
			);
			name = Products;
			sourceTree = "<group>";
		};
		EB9A4E89193490650037F954 /* Frameworks */ = {
			isa = PBXGroup;
			children = (
				EB9211E5193DC1F5001CADD9 /* AudioUnit.framework */,
				EB9211E3193DC1E8001CADD9 /* AudioToolbox.framework */,
				EB9211E1193DC14A001CADD9 /* CoreAudio.framework */,
				EB9A4E8A193490650037F954 /* Foundation.framework */,
				EB9A4E8C193490650037F954 /* CoreGraphics.framework */,
				EB9A4E8E193490650037F954 /* UIKit.framework */,
				EB9A4EA9193490650037F954 /* XCTest.framework */,
			);
			name = Frameworks;
			sourceTree = "<group>";
		};
		EB9A4E90193490650037F954 /* Open Player */ = {
			isa = PBXGroup;
			children = (
				EB6D889819374F7C0019D8D3 /* Resources */,
				EB9A4E99193490650037F954 /* AppDelegate.h */,
				EB9A4E9A193490650037F954 /* AppDelegate.m */,
				EB9A4E9C193490650037F954 /* Main.storyboard */,
				EB9A4E9F193490650037F954 /* ViewController.h */,
				EB9A4EA0193490650037F954 /* ViewController.m */,
				EB9A4EA2193490650037F954 /* Images.xcassets */,
				EB9A4E91193490650037F954 /* Supporting Files */,
				EB192D9019362A0100FDECBE /* NSStreamAdditions.h */,
				EB192D9119362A0100FDECBE /* NSStreamAdditions.m */,
				EB6D8894193730C80019D8D3 /* SecondController.h */,
				EB6D8895193730C80019D8D3 /* SecondController.m */,
				EB6D8899193763F60019D8D3 /* StreamConnection.h */,
				EB6D889A193763F60019D8D3 /* StreamConnection.m */,
			);
			path = "Open Player";
			sourceTree = "<group>";
		};
		EB9A4E91193490650037F954 /* Supporting Files */ = {
			isa = PBXGroup;
			children = (
				EB9A4E92193490650037F954 /* Open Player-Info.plist */,
				EB9A4E93193490650037F954 /* InfoPlist.strings */,
				EB9A4E96193490650037F954 /* main.m */,
			);
			name = "Supporting Files";
			sourceTree = "<group>";
		};
		EB9A4EAF193490650037F954 /* Open PlayerTests */ = {
			isa = PBXGroup;
			children = (
				EB9A4EB5193490650037F954 /* Open_PlayerTests.m */,
				EB9A4EB0193490650037F954 /* Supporting Files */,
			);
			path = "Open PlayerTests";
			sourceTree = "<group>";
		};
		EB9A4EB0193490650037F954 /* Supporting Files */ = {
			isa = PBXGroup;
			children = (
				EB9A4EB1193490650037F954 /* Open PlayerTests-Info.plist */,
				EB9A4EB2193490650037F954 /* InfoPlist.strings */,
			);
			name = "Supporting Files";
			sourceTree = "<group>";
		};
/* End PBXGroup section */

/* Begin PBXNativeTarget section */
		EB9A4E86193490650037F954 /* Open Player */ = {
			isa = PBXNativeTarget;
			buildConfigurationList = EB9A4EB9193490650037F954 /* Build configuration list for PBXNativeTarget "Open Player" */;
			buildPhases = (
				EB9A4E83193490650037F954 /* Sources */,
				EB9A4E84193490650037F954 /* Frameworks */,
				EB9A4E85193490650037F954 /* Resources */,
			);
			buildRules = (
			);
			dependencies = (
			);
			name = "Open Player";
			productName = "Open Player";
			productReference = EB9A4E87193490650037F954 /* Open Player.app */;
			productType = "com.apple.product-type.application";
		};
		EB9A4EA7193490650037F954 /* Open PlayerTests */ = {
			isa = PBXNativeTarget;
			buildConfigurationList = EB9A4EBC193490650037F954 /* Build configuration list for PBXNativeTarget "Open PlayerTests" */;
			buildPhases = (
				EB9A4EA4193490650037F954 /* Sources */,
				EB9A4EA5193490650037F954 /* Frameworks */,
				EB9A4EA6193490650037F954 /* Resources */,
			);
			buildRules = (
			);
			dependencies = (
				EB9A4EAE193490650037F954 /* PBXTargetDependency */,
			);
			name = "Open PlayerTests";
			productName = "Open PlayerTests";
			productReference = EB9A4EA8193490650037F954 /* Open PlayerTests.xctest */;
			productType = "com.apple.product-type.bundle.unit-test";
		};
/* End PBXNativeTarget section */

/* Begin PBXProject section */
		EB9A4E7F193490650037F954 /* Project object */ = {
			isa = PBXProject;
			attributes = {
				LastUpgradeCheck = 0510;
				ORGANIZATIONNAME = "Audio Now Digital";
				TargetAttributes = {
					EB9A4EA7193490650037F954 = {
						TestTargetID = EB9A4E86193490650037F954;
					};
				};
			};
			buildConfigurationList = EB9A4E82193490650037F954 /* Build configuration list for PBXProject "Open Player" */;
			compatibilityVersion = "Xcode 3.2";
			developmentRegion = English;
			hasScannedForEncodings = 0;
			knownRegions = (
				en,
				Base,
			);
			mainGroup = EB9A4E7E193490650037F954;
			productRefGroup = EB9A4E88193490650037F954 /* Products */;
			projectDirPath = "";
			projectRoot = "";
			targets = (
				EB9A4E86193490650037F954 /* Open Player */,
				EB9A4EA7193490650037F954 /* Open PlayerTests */,
			);
		};
/* End PBXProject section */

/* Begin PBXResourcesBuildPhase section */
		EB9A4E85193490650037F954 /* Resources */ = {
			isa = PBXResourcesBuildPhase;
			buildActionMask = 2147483647;
			files = (
				EB9A4EA3193490650037F954 /* Images.xcassets in Resources */,
				EB9A4E95193490650037F954 /* InfoPlist.strings in Resources */,
				EB9A4E9E193490650037F954 /* Main.storyboard in Resources */,
			);
			runOnlyForDeploymentPostprocessing = 0;
		};
		EB9A4EA6193490650037F954 /* Resources */ = {
			isa = PBXResourcesBuildPhase;
			buildActionMask = 2147483647;
			files = (
				EB9A4EB4193490650037F954 /* InfoPlist.strings in Resources */,
			);
			runOnlyForDeploymentPostprocessing = 0;
		};
/* End PBXResourcesBuildPhase section */

/* Begin PBXSourcesBuildPhase section */
		EB9A4E83193490650037F954 /* Sources */ = {
			isa = PBXSourcesBuildPhase;
			buildActionMask = 2147483647;
			files = (
				EB6D889B193763F60019D8D3 /* StreamConnection.m in Sources */,
				EB9A4EA1193490650037F954 /* ViewController.m in Sources */,
				EB9A4E9B193490650037F954 /* AppDelegate.m in Sources */,
				EB192D9219362A0100FDECBE /* NSStreamAdditions.m in Sources */,
				EB6D8896193730C80019D8D3 /* SecondController.m in Sources */,
				EB9A4E97193490650037F954 /* main.m in Sources */,
			);
			runOnlyForDeploymentPostprocessing = 0;
		};
		EB9A4EA4193490650037F954 /* Sources */ = {
			isa = PBXSourcesBuildPhase;
			buildActionMask = 2147483647;
			files = (
				EB9A4EB6193490650037F954 /* Open_PlayerTests.m in Sources */,
			);
			runOnlyForDeploymentPostprocessing = 0;
		};
/* End PBXSourcesBuildPhase section */

/* Begin PBXTargetDependency section */
		EB9A4EAE193490650037F954 /* PBXTargetDependency */ = {
			isa = PBXTargetDependency;
			target = EB9A4E86193490650037F954 /* Open Player */;
			targetProxy = EB9A4EAD193490650037F954 /* PBXContainerItemProxy */;
		};
/* End PBXTargetDependency section */

/* Begin PBXVariantGroup section */
		EB9A4E93193490650037F954 /* InfoPlist.strings */ = {
			isa = PBXVariantGroup;
			children = (
				EB9A4E94193490650037F954 /* en */,
			);
			name = InfoPlist.strings;
			sourceTree = "<group>";
		};
		EB9A4E9C193490650037F954 /* Main.storyboard */ = {
			isa = PBXVariantGroup;
			children = (
				EB9A4E9D193490650037F954 /* Base */,
			);
			name = Main.storyboard;
			sourceTree = "<group>";
		};
		EB9A4EB2193490650037F954 /* InfoPlist.strings */ = {
			isa = PBXVariantGroup;
			children = (
				EB9A4EB3193490650037F954 /* en */,
			);
			name = InfoPlist.strings;
			sourceTree = "<group>";
		};
/* End PBXVariantGroup section */

/* Begin XCBuildConfiguration section */
		EB9A4EB7193490650037F954 /* Debug */ = {
			isa = XCBuildConfiguration;
			buildSettings = {
				ALWAYS_SEARCH_USER_PATHS = NO;
				CLANG_CXX_LANGUAGE_STANDARD = "gnu++0x";
				CLANG_CXX_LIBRARY = "libc++";
				CLANG_ENABLE_MODULES = YES;
				CLANG_ENABLE_OBJC_ARC = YES;
				CLANG_WARN_BOOL_CONVERSION = YES;
				CLANG_WARN_CONSTANT_CONVERSION = YES;
				CLANG_WARN_DIRECT_OBJC_ISA_USAGE = YES_ERROR;
				CLANG_WARN_EMPTY_BODY = YES;
				CLANG_WARN_ENUM_CONVERSION = YES;
				CLANG_WARN_INT_CONVERSION = YES;
				CLANG_WARN_OBJC_ROOT_CLASS = YES_ERROR;
				CLANG_WARN__DUPLICATE_METHOD_MATCH = YES;
				"CODE_SIGN_IDENTITY[sdk=iphoneos*]" = "iPhone Developer";
				COPY_PHASE_STRIP = NO;
				GCC_C_LANGUAGE_STANDARD = gnu99;
				GCC_DYNAMIC_NO_PIC = NO;
				GCC_OPTIMIZATION_LEVEL = 0;
				GCC_PREPROCESSOR_DEFINITIONS = (
					"DEBUG=1",
					"$(inherited)",
				);
				GCC_SYMBOLS_PRIVATE_EXTERN = NO;
				GCC_WARN_64_TO_32_BIT_CONVERSION = YES;
				GCC_WARN_ABOUT_RETURN_TYPE = YES_ERROR;
				GCC_WARN_UNDECLARED_SELECTOR = YES;
				GCC_WARN_UNINITIALIZED_AUTOS = YES_AGGRESSIVE;
				GCC_WARN_UNUSED_FUNCTION = YES;
				GCC_WARN_UNUSED_VARIABLE = YES;
				IPHONEOS_DEPLOYMENT_TARGET = 7.1;
				ONLY_ACTIVE_ARCH = YES;
				SDKROOT = iphoneos;
			};
			name = Debug;
		};
		EB9A4EB8193490650037F954 /* Release */ = {
			isa = XCBuildConfiguration;
			buildSettings = {
				ALWAYS_SEARCH_USER_PATHS = NO;
				CLANG_CXX_LANGUAGE_STANDARD = "gnu++0x";
				CLANG_CXX_LIBRARY = "libc++";
				CLANG_ENABLE_MODULES = YES;
				CLANG_ENABLE_OBJC_ARC = YES;
				CLANG_WARN_BOOL_CONVERSION = YES;
				CLANG_WARN_CONSTANT_CONVERSION = YES;
				CLANG_WARN_DIRECT_OBJC_ISA_USAGE = YES_ERROR;
				CLANG_WARN_EMPTY_BODY = YES;
				CLANG_WARN_ENUM_CONVERSION = YES;
				CLANG_WARN_INT_CONVERSION = YES;
				CLANG_WARN_OBJC_ROOT_CLASS = YES_ERROR;
				CLANG_WARN__DUPLICATE_METHOD_MATCH = YES;
				"CODE_SIGN_IDENTITY[sdk=iphoneos*]" = "iPhone Developer";
				COPY_PHASE_STRIP = YES;
				ENABLE_NS_ASSERTIONS = NO;
				GCC_C_LANGUAGE_STANDARD = gnu99;
				GCC_WARN_64_TO_32_BIT_CONVERSION = YES;
				GCC_WARN_ABOUT_RETURN_TYPE = YES_ERROR;
				GCC_WARN_UNDECLARED_SELECTOR = YES;
				GCC_WARN_UNINITIALIZED_AUTOS = YES_AGGRESSIVE;
				GCC_WARN_UNUSED_FUNCTION = YES;
				GCC_WARN_UNUSED_VARIABLE = YES;
				IPHONEOS_DEPLOYMENT_TARGET = 7.1;
				SDKROOT = iphoneos;
				VALIDATE_PRODUCT = YES;
			};
			name = Release;
		};
		EB9A4EBA193490650037F954 /* Debug */ = {
			isa = XCBuildConfiguration;
			buildSettings = {
				ASSETCATALOG_COMPILER_APPICON_NAME = AppIcon;
				ASSETCATALOG_COMPILER_LAUNCHIMAGE_NAME = LaunchImage;
				INFOPLIST_FILE = "Open Player/Open Player-Info.plist";
				PRODUCT_NAME = "$(TARGET_NAME)";
				REZ_SEARCH_PATHS = (
					"$(inherit)",
					/Users/owner/AudioNowDigital/openplayer_ios/Open,
					Player,
				);
				WRAPPER_EXTENSION = app;
			};
			name = Debug;
		};
		EB9A4EBB193490650037F954 /* Release */ = {
			isa = XCBuildConfiguration;
			buildSettings = {
				ASSETCATALOG_COMPILER_APPICON_NAME = AppIcon;
				ASSETCATALOG_COMPILER_LAUNCHIMAGE_NAME = LaunchImage;
				INFOPLIST_FILE = "Open Player/Open Player-Info.plist";
				PRODUCT_NAME = "$(TARGET_NAME)";
				REZ_SEARCH_PATHS = (
					"$(inherit)",
					/Users/owner/AudioNowDigital/openplayer_ios/Open,
					Player,
				);
				WRAPPER_EXTENSION = app;
			};
			name = Release;
		};
		EB9A4EBD193490650037F954 /* Debug */ = {
			isa = XCBuildConfiguration;
			buildSettings = {
				BUNDLE_LOADER = "$(BUILT_PRODUCTS_DIR)/Open Player.app/Open Player";
				FRAMEWORK_SEARCH_PATHS = (
					"$(SDKROOT)/Developer/Library/Frameworks",
					"$(inherited)",
					"$(DEVELOPER_FRAMEWORKS_DIR)",
				);
				GCC_PREPROCESSOR_DEFINITIONS = (
					"DEBUG=1",
					"$(inherited)",
				);
				INFOPLIST_FILE = "Open PlayerTests/Open PlayerTests-Info.plist";
				PRODUCT_NAME = "$(TARGET_NAME)";
				TEST_HOST = "$(BUNDLE_LOADER)";
				WRAPPER_EXTENSION = xctest;
			};
			name = Debug;
		};
		EB9A4EBE193490650037F954 /* Release */ = {
			isa = XCBuildConfiguration;
			buildSettings = {
				BUNDLE_LOADER = "$(BUILT_PRODUCTS_DIR)/Open Player.app/Open Player";
				FRAMEWORK_SEARCH_PATHS = (
					"$(SDKROOT)/Developer/Library/Frameworks",
					"$(inherited)",
					"$(DEVELOPER_FRAMEWORKS_DIR)",
				);
				INFOPLIST_FILE = "Open PlayerTests/Open PlayerTests-Info.plist";
				PRODUCT_NAME = "$(TARGET_NAME)";
				TEST_HOST = "$(BUNDLE_LOADER)";
				WRAPPER_EXTENSION = xctest;
			};
			name = Release;
		};
/* End XCBuildConfiguration section */

/* Begin XCConfigurationList section */
		EB9A4E82193490650037F954 /* Build configuration list for PBXProject "Open Player" */ = {
			isa = XCConfigurationList;
			buildConfigurations = (
				EB9A4EB7193490650037F954 /* Debug */,
				EB9A4EB8193490650037F954 /* Release */,
			);
			defaultConfigurationIsVisible = 0;
			defaultConfigurationName = Release;
		};
		EB9A4EB9193490650037F954 /* Build configuration list for PBXNativeTarget "Open Player" */ = {
			isa = XCConfigurationList;
			buildConfigurations = (
				EB9A4EBA193490650037F954 /* Debug */,
				EB9A4EBB193490650037F954 /* Release */,
			);
			defaultConfigurationIsVisible = 0;
			defaultConfigurationName = Release;
		};
		EB9A4EBC193490650037F954 /* Build configuration list for PBXNativeTarget "Open PlayerTests" */ = {
			isa = XCConfigurationList;
			buildConfigurations = (
				EB9A4EBD193490650037F954 /* Debug */,
				EB9A4EBE193490650037F954 /* Release */,
			);
			defaultConfigurationIsVisible = 0;
			defaultConfigurationName = Release;
		};
/* End XCConfigurationList section */
	};
	rootObject = EB9A4E7F193490650037F954 /* Project object */;
}
